PODS:
  - HNScraper (0.2.2)

DEPENDENCIES:
  - HNScraper (from `https://github.com/weiran/HNScraper.git`, branch `master`)

EXTERNAL SOURCES:
  HNScraper:
    :branch: master
    :git: https://github.com/weiran/HNScraper.git

CHECKOUT OPTIONS:
  HNScraper:
    :commit: 48e391b52f7d0ab6b7eadba6305427ac12d3b19e
    :git: https://github.com/weiran/HNScraper.git

SPEC CHECKSUMS:
  HNScraper: d96632c361238905f2886f83675e75f2153b4dc4

PODFILE CHECKSUM: d4c1b6a1a6c18d626a6c924b1c1b7220c27efbf8

COCOAPODS: 1.11.3
