// !$*UTF8*$!
{
	archiveVersion = 1;
	classes = {
	};
	objectVersion = 46;
	objects = {

/* Begin PBXBuildFile section */
		2402A6D7164D224100F637E5 /* WZCommentModel.m in Sources */ = {isa = PBXBuildFile; fileRef = 2402A6D6164D224100F637E5 /* WZCommentModel.m */; };
		2402A75F165120E400F637E5 /* menuicon.png in Resources */ = {isa = PBXBuildFile; fileRef = 2402A75D165120E400F637E5 /* menuicon.png */; };
		2402A760165120E400F637E5 /* menuicon@2x.png in Resources */ = {isa = PBXBuildFile; fileRef = 2402A75E165120E400F637E5 /* menuicon@2x.png */; };
		241EA0AA16C54E7F005D802F /* Icon.png in Resources */ = {isa = PBXBuildFile; fileRef = 241EA0A916C54E7F005D802F /* Icon.png */; };
		241EA0AC16C54E86005D802F /* Icon@2x.png in Resources */ = {isa = PBXBuildFile; fileRef = 241EA0AB16C54E86005D802F /* Icon@2x.png */; };
		2434A1AD16BD6DBA00C383CA /* back-arrow.png in Resources */ = {isa = PBXBuildFile; fileRef = 2434A1AB16BD6DBA00C383CA /* back-arrow.png */; };
		2434A1AE16BD6DBA00C383CA /* back-arrow@2x.png in Resources */ = {isa = PBXBuildFile; fileRef = 2434A1AC16BD6DBA00C383CA /* back-arrow@2x.png */; };
		2434A1C516BEB48900C383CA /* x.png in Resources */ = {isa = PBXBuildFile; fileRef = 2434A1C316BEB48900C383CA /* x.png */; };
		2434A1C616BEB48900C383CA /* x@2x.png in Resources */ = {isa = PBXBuildFile; fileRef = 2434A1C416BEB48900C383CA /* x@2x.png */; };
		2434A1EE16C0380B00C383CA /* forward-icon.png in Resources */ = {isa = PBXBuildFile; fileRef = 2434A1EA16C0380B00C383CA /* forward-icon.png */; };
		2434A1EF16C0380B00C383CA /* forward-icon@2x.png in Resources */ = {isa = PBXBuildFile; fileRef = 2434A1EB16C0380B00C383CA /* forward-icon@2x.png */; };
		2434A1F016C0380B00C383CA /* back-icon.png in Resources */ = {isa = PBXBuildFile; fileRef = 2434A1EC16C0380B00C383CA /* back-icon.png */; };
		2434A1F116C0380B00C383CA /* back-icon@2x.png in Resources */ = {isa = PBXBuildFile; fileRef = 2434A1ED16C0380B00C383CA /* back-icon@2x.png */; };
		2434A1FB16C0398800C383CA /* refresh-icon.png in Resources */ = {isa = PBXBuildFile; fileRef = 2434A1F916C0398800C383CA /* refresh-icon.png */; };
		2434A1FC16C0398800C383CA /* refresh-icon@2x.png in Resources */ = {isa = PBXBuildFile; fileRef = 2434A1FA16C0398800C383CA /* refresh-icon@2x.png */; };
		243749B0172BE942007762FC /* WZSettingsViewController.m in Sources */ = {isa = PBXBuildFile; fileRef = 243749AF172BE942007762FC /* WZSettingsViewController.m */; };
		24374A18172C16A5007762FC /* NNInstapaperActivity@2x~ipad.png in Resources */ = {isa = PBXBuildFile; fileRef = 24374A0C172C16A5007762FC /* NNInstapaperActivity@2x~ipad.png */; };
		24374A19172C16A5007762FC /* NNInstapaperActivity@2x~iphone.png in Resources */ = {isa = PBXBuildFile; fileRef = 24374A0D172C16A5007762FC /* NNInstapaperActivity@2x~iphone.png */; };
		24374A1A172C16A5007762FC /* NNInstapaperActivity~ipad.png in Resources */ = {isa = PBXBuildFile; fileRef = 24374A0E172C16A5007762FC /* NNInstapaperActivity~ipad.png */; };
		24374A1B172C16A5007762FC /* NNInstapaperActivity~iphone.png in Resources */ = {isa = PBXBuildFile; fileRef = 24374A0F172C16A5007762FC /* NNInstapaperActivity~iphone.png */; };
		24374A1C172C16A5007762FC /* NNPocketActivity@2x~ipad.png in Resources */ = {isa = PBXBuildFile; fileRef = 24374A10172C16A5007762FC /* NNPocketActivity@2x~ipad.png */; };
		24374A1D172C16A5007762FC /* NNPocketActivity@2x~iphone.png in Resources */ = {isa = PBXBuildFile; fileRef = 24374A11172C16A5007762FC /* NNPocketActivity@2x~iphone.png */; };
		24374A1E172C16A5007762FC /* NNPocketActivity~ipad.png in Resources */ = {isa = PBXBuildFile; fileRef = 24374A12172C16A5007762FC /* NNPocketActivity~ipad.png */; };
		24374A1F172C16A5007762FC /* NNPocketActivity~iphone.png in Resources */ = {isa = PBXBuildFile; fileRef = 24374A13172C16A5007762FC /* NNPocketActivity~iphone.png */; };
		24374A20172C16A5007762FC /* NNReadabilityActivity@2x~ipad.png in Resources */ = {isa = PBXBuildFile; fileRef = 24374A14172C16A5007762FC /* NNReadabilityActivity@2x~ipad.png */; };
		24374A21172C16A5007762FC /* NNReadabilityActivity@2x~iphone.png in Resources */ = {isa = PBXBuildFile; fileRef = 24374A15172C16A5007762FC /* NNReadabilityActivity@2x~iphone.png */; };
		24374A22172C16A5007762FC /* NNReadabilityActivity~ipad.png in Resources */ = {isa = PBXBuildFile; fileRef = 24374A16172C16A5007762FC /* NNReadabilityActivity~ipad.png */; };
		24374A23172C16A5007762FC /* NNReadabilityActivity~iphone.png in Resources */ = {isa = PBXBuildFile; fileRef = 24374A17172C16A5007762FC /* NNReadabilityActivity~iphone.png */; };
		24374A27172C1A13007762FC /* WZInstapaperActivity.m in Sources */ = {isa = PBXBuildFile; fileRef = 24374A26172C1A13007762FC /* WZInstapaperActivity.m */; };
		24374A2A172C44B8007762FC /* WZAccountManager.m in Sources */ = {isa = PBXBuildFile; fileRef = 24374A29172C44B8007762FC /* WZAccountManager.m */; };
		243D1F3A1732C3F70033BC0F /* WZTheme.m in Sources */ = {isa = PBXBuildFile; fileRef = 243D1F391732C3F70033BC0F /* WZTheme.m */; };
		243D1F3C1732CA1C0033BC0F /* InAppSettings.bundle in Resources */ = {isa = PBXBuildFile; fileRef = 243D1F3B1732CA1C0033BC0F /* InAppSettings.bundle */; };
		243D1F3F1732D0940033BC0F /* WZPinboardActivity.m in Sources */ = {isa = PBXBuildFile; fileRef = 243D1F3E1732D0930033BC0F /* WZPinboardActivity.m */; };
		243D1F441732D42D0033BC0F /* pinboard-icon~iphone.png in Resources */ = {isa = PBXBuildFile; fileRef = 243D1F401732D42D0033BC0F /* pinboard-icon~iphone.png */; };
		243D1F451732D42D0033BC0F /* pinboard-icon@2x~iphone.png in Resources */ = {isa = PBXBuildFile; fileRef = 243D1F411732D42D0033BC0F /* pinboard-icon@2x~iphone.png */; };
		243D1F461732D42D0033BC0F /* pinboard-icon~ipad.png in Resources */ = {isa = PBXBuildFile; fileRef = 243D1F421732D42D0033BC0F /* pinboard-icon~ipad.png */; };
		243D1F471732D42D0033BC0F /* pinboard-icon@2x~ipad.png in Resources */ = {isa = PBXBuildFile; fileRef = 243D1F431732D42D0033BC0F /* pinboard-icon@2x~ipad.png */; };
		243D1F4A1732DE850033BC0F /* navbar-bg-dark.png in Resources */ = {isa = PBXBuildFile; fileRef = 243D1F481732DE850033BC0F /* navbar-bg-dark.png */; };
		243D1F4B1732DE850033BC0F /* navbar-bg-dark@2x.png in Resources */ = {isa = PBXBuildFile; fileRef = 243D1F491732DE850033BC0F /* navbar-bg-dark@2x.png */; };
		245F85D116690AE3000D3EE1 /* Security.framework in Frameworks */ = {isa = PBXBuildFile; fileRef = 245F85D016690AE3000D3EE1 /* Security.framework */; };
		2463930D16E0AA30005114ED /* WZNotify.m in Sources */ = {isa = PBXBuildFile; fileRef = 2463930C16E0AA30005114ED /* WZNotify.m */; };
		2475EC5C16DE591100FEAD45 /* Crashlytics.framework in Frameworks */ = {isa = PBXBuildFile; fileRef = 2475EC5B16DE591100FEAD45 /* Crashlytics.framework */; };
		2475EC6A16DF617500FEAD45 /* WZNavigationController.m in Sources */ = {isa = PBXBuildFile; fileRef = 2475EC6916DF617500FEAD45 /* WZNavigationController.m */; };
		247A2D6816AC57DB00534229 /* ImageIO.framework in Frameworks */ = {isa = PBXBuildFile; fileRef = 247A2D6516AC57DB00534229 /* ImageIO.framework */; };
		247A2D6916AC57DB00534229 /* libxml2.dylib in Frameworks */ = {isa = PBXBuildFile; fileRef = 247A2D6616AC57DB00534229 /* libxml2.dylib */; };
		247A2D6A16AC57DB00534229 /* MobileCoreServices.framework in Frameworks */ = {isa = PBXBuildFile; fileRef = 247A2D6716AC57DB00534229 /* MobileCoreServices.framework */; };
		2484385216C11B4F001D2AA0 /* Default-568h@2x.png in Resources */ = {isa = PBXBuildFile; fileRef = 2484384F16C11B4F001D2AA0 /* Default-568h@2x.png */; };
		2484385316C11B4F001D2AA0 /* Default.png in Resources */ = {isa = PBXBuildFile; fileRef = 2484385016C11B4F001D2AA0 /* Default.png */; };
		2484385416C11B4F001D2AA0 /* Default@2x.png in Resources */ = {isa = PBXBuildFile; fileRef = 2484385116C11B4F001D2AA0 /* Default@2x.png */; };
		2484386116C11E73001D2AA0 /* WZActivityViewController.m in Sources */ = {isa = PBXBuildFile; fileRef = 2484386016C11E73001D2AA0 /* WZActivityViewController.m */; };
		2484386D16C12664001D2AA0 /* WZPostModel.m in Sources */ = {isa = PBXBuildFile; fileRef = 2484386C16C12664001D2AA0 /* WZPostModel.m */; };
		24972C9E1643BC3C00B4EFB4 /* UIKit.framework in Frameworks */ = {isa = PBXBuildFile; fileRef = 24972C9D1643BC3C00B4EFB4 /* UIKit.framework */; };
		24972CA01643BC3C00B4EFB4 /* Foundation.framework in Frameworks */ = {isa = PBXBuildFile; fileRef = 24972C9F1643BC3C00B4EFB4 /* Foundation.framework */; };
		24972CA21643BC3C00B4EFB4 /* CoreGraphics.framework in Frameworks */ = {isa = PBXBuildFile; fileRef = 24972CA11643BC3C00B4EFB4 /* CoreGraphics.framework */; };
		24972CA41643BC3C00B4EFB4 /* CoreData.framework in Frameworks */ = {isa = PBXBuildFile; fileRef = 24972CA31643BC3C00B4EFB4 /* CoreData.framework */; };
		24972CAA1643BC3C00B4EFB4 /* InfoPlist.strings in Resources */ = {isa = PBXBuildFile; fileRef = 24972CA81643BC3C00B4EFB4 /* InfoPlist.strings */; };
		24972CAC1643BC3C00B4EFB4 /* main.m in Sources */ = {isa = PBXBuildFile; fileRef = 24972CAB1643BC3C00B4EFB4 /* main.m */; };
		24972CB01643BC3C00B4EFB4 /* WZAppDelegate.m in Sources */ = {isa = PBXBuildFile; fileRef = 24972CAF1643BC3C00B4EFB4 /* WZAppDelegate.m */; };
		24972CC11643C0F000B4EFB4 /* MainStoryboard.storyboard in Resources */ = {isa = PBXBuildFile; fileRef = 24972CC01643C0F000B4EFB4 /* MainStoryboard.storyboard */; };
		249827561652A42E001C0ECF /* CoreText.framework in Frameworks */ = {isa = PBXBuildFile; fileRef = 249827551652A42E001C0ECF /* CoreText.framework */; };
		24AA08FB165187EA00FA9FEC /* greyButton.png in Resources */ = {isa = PBXBuildFile; fileRef = 24AA08F7165187EA00FA9FEC /* greyButton.png */; };
		24AA08FC165187EA00FA9FEC /* greyButton@2x.png in Resources */ = {isa = PBXBuildFile; fileRef = 24AA08F8165187EA00FA9FEC /* greyButton@2x.png */; };
		24AA08FD165187EA00FA9FEC /* greyButtonHighlight.png in Resources */ = {isa = PBXBuildFile; fileRef = 24AA08F9165187EA00FA9FEC /* greyButtonHighlight.png */; };
		24AA08FE165187EA00FA9FEC /* greyButtonHighlight@2x.png in Resources */ = {isa = PBXBuildFile; fileRef = 24AA08FA165187EA00FA9FEC /* greyButtonHighlight@2x.png */; };
		24B2216E16D6BB2200B35EAC /* menu-icon.png in Resources */ = {isa = PBXBuildFile; fileRef = 24B2216C16D6BB2200B35EAC /* menu-icon.png */; };
		24B2216F16D6BB2200B35EAC /* menu-icon@2x.png in Resources */ = {isa = PBXBuildFile; fileRef = 24B2216D16D6BB2200B35EAC /* menu-icon@2x.png */; };
		24B2217916D8DB6100B35EAC /* NSString+AttributedStringForHTML.m in Sources */ = {isa = PBXBuildFile; fileRef = 24B2217816D8DB6100B35EAC /* NSString+AttributedStringForHTML.m */; };
		24B2217D16D91A4800B35EAC /* unread-badge@2x.png in Resources */ = {isa = PBXBuildFile; fileRef = 24B2217B16D91A4800B35EAC /* unread-badge@2x.png */; };
		24B2217E16D91A4800B35EAC /* unread-badge.png in Resources */ = {isa = PBXBuildFile; fileRef = 24B2217C16D91A4800B35EAC /* unread-badge.png */; };
		24B2BF4D164C5BEF00C588F1 /* WZCommentsViewController.m in Sources */ = {isa = PBXBuildFile; fileRef = 24B2BF4C164C5BEF00C588F1 /* WZCommentsViewController.m */; };
		24B2BF50164C5C7700C588F1 /* WZCommentCell.m in Sources */ = {isa = PBXBuildFile; fileRef = 24B2BF4F164C5C7700C588F1 /* WZCommentCell.m */; };
		24B3019E16F753B7005405CD /* frontViewControllerDropShadow.png in Resources */ = {isa = PBXBuildFile; fileRef = 24B3019A16F753B7005405CD /* frontViewControllerDropShadow.png */; };
		24B3019F16F753B7005405CD /* frontViewControllerDropShadow@2x.png in Resources */ = {isa = PBXBuildFile; fileRef = 24B3019B16F753B7005405CD /* frontViewControllerDropShadow@2x.png */; };
		24B301A016F753B7005405CD /* JSSlidingViewController.m in Sources */ = {isa = PBXBuildFile; fileRef = 24B3019D16F753B7005405CD /* JSSlidingViewController.m */; };
		24B7D8FF164ADA3F00F55B3D /* _WZRead.m in Sources */ = {isa = PBXBuildFile; fileRef = 24B7D8FC164ADA3F00F55B3D /* _WZRead.m */; };
		24B7D900164ADA3F00F55B3D /* WZRead.m in Sources */ = {isa = PBXBuildFile; fileRef = 24B7D8FE164ADA3F00F55B3D /* WZRead.m */; };
		24C4400116A44DCC00055D65 /* TUSafariActivity.strings in Resources */ = {isa = PBXBuildFile; fileRef = 24C43FEA16A44DCC00055D65 /* TUSafariActivity.strings */; };
		24C4400216A44DCC00055D65 /* Safari.png in Resources */ = {isa = PBXBuildFile; fileRef = 24C43FF716A44DCC00055D65 /* Safari.png */; };
		24C4400316A44DCC00055D65 /* Safari@2x.png in Resources */ = {isa = PBXBuildFile; fileRef = 24C43FF816A44DCC00055D65 /* Safari@2x.png */; };
		24C4400416A44DCC00055D65 /* Safari@2x~ipad.png in Resources */ = {isa = PBXBuildFile; fileRef = 24C43FF916A44DCC00055D65 /* Safari@2x~ipad.png */; };
		24C4400516A44DCC00055D65 /* Safari~ipad.png in Resources */ = {isa = PBXBuildFile; fileRef = 24C43FFA16A44DCC00055D65 /* Safari~ipad.png */; };
		24C4400616A44DCC00055D65 /* TUSafariActivity.m in Sources */ = {isa = PBXBuildFile; fileRef = 24C43FFE16A44DCC00055D65 /* TUSafariActivity.m */; };
		24D0DB0216B5DB98001342A8 /* navbar-bg@2x.png in Resources */ = {isa = PBXBuildFile; fileRef = 24D0DB0016B5DB98001342A8 /* navbar-bg@2x.png */; };
		24D0DB0316B5DB98001342A8 /* navbar-bg.png in Resources */ = {isa = PBXBuildFile; fileRef = 24D0DB0116B5DB98001342A8 /* navbar-bg.png */; };
		24D0DB0616B5DE57001342A8 /* navbar-bg-highlighted.png in Resources */ = {isa = PBXBuildFile; fileRef = 24D0DB0416B5DE57001342A8 /* navbar-bg-highlighted.png */; };
		24D0DB0716B5DE57001342A8 /* navbar-bg-highlighted@2x.png in Resources */ = {isa = PBXBuildFile; fileRef = 24D0DB0516B5DE57001342A8 /* navbar-bg-highlighted@2x.png */; };
		24D11C1016C42681000AE946 /* WZDefaults.m in Sources */ = {isa = PBXBuildFile; fileRef = 24D11C0F16C42681000AE946 /* WZDefaults.m */; };
		24DD252E16CBA676005ED6EA /* share-icon.png in Resources */ = {isa = PBXBuildFile; fileRef = 24DD252C16CBA676005ED6EA /* share-icon.png */; };
		24DD252F16CBA676005ED6EA /* share-icon@2x.png in Resources */ = {isa = PBXBuildFile; fileRef = 24DD252D16CBA676005ED6EA /* share-icon@2x.png */; };
		24DD253216CBACC2005ED6EA /* mobilizer-icon.png in Resources */ = {isa = PBXBuildFile; fileRef = 24DD253016CBACC2005ED6EA /* mobilizer-icon.png */; };
		24DD253316CBACC2005ED6EA /* mobilizer-icon@2x.png in Resources */ = {isa = PBXBuildFile; fileRef = 24DD253116CBACC2005ED6EA /* mobilizer-icon@2x.png */; };
		24DD253616CBB0A8005ED6EA /* mobilizer-icon-highlighted.png in Resources */ = {isa = PBXBuildFile; fileRef = 24DD253416CBB0A8005ED6EA /* mobilizer-icon-highlighted.png */; };
		24DD253716CBB0A8005ED6EA /* mobilizer-icon-highlighted@2x.png in Resources */ = {isa = PBXBuildFile; fileRef = 24DD253516CBB0A8005ED6EA /* mobilizer-icon-highlighted@2x.png */; };
		24DD254016CBE920005ED6EA /* WZWebViewController.m in Sources */ = {isa = PBXBuildFile; fileRef = 24DD253F16CBE920005ED6EA /* WZWebViewController.m */; };
		24DD254916CBF368005ED6EA /* WZWebView.xib in Resources */ = {isa = PBXBuildFile; fileRef = 24DD254816CBF368005ED6EA /* WZWebView.xib */; };
		24DF0C8D171D99380095491D /* WZMenuViewController.m in Sources */ = {isa = PBXBuildFile; fileRef = 24DF0C8C171D99380095491D /* WZMenuViewController.m */; };
		24EAA5B51647D56900105FE1 /* HackersDataModel.xcdatamodeld in Sources */ = {isa = PBXBuildFile; fileRef = 24EAA5B31647D56900105FE1 /* HackersDataModel.xcdatamodeld */; };
		24EAA5CC1647DC9C00105FE1 /* _WZComment.m in Sources */ = {isa = PBXBuildFile; fileRef = 24EAA5C51647DC9C00105FE1 /* _WZComment.m */; };
		24EAA5CD1647DC9C00105FE1 /* _WZPost.m in Sources */ = {isa = PBXBuildFile; fileRef = 24EAA5C71647DC9C00105FE1 /* _WZPost.m */; };
		24EAA5CE1647DC9C00105FE1 /* WZComment.m in Sources */ = {isa = PBXBuildFile; fileRef = 24EAA5C91647DC9C00105FE1 /* WZComment.m */; };
		24EAA5CF1647DC9C00105FE1 /* WZPost.m in Sources */ = {isa = PBXBuildFile; fileRef = 24EAA5CB1647DC9C00105FE1 /* WZPost.m */; };
		24EAA5D41647DDA600105FE1 /* JSONObject.m in Sources */ = {isa = PBXBuildFile; fileRef = 24EAA5D31647DDA600105FE1 /* JSONObject.m */; };
		24EAA5D81647DDF300105FE1 /* NSString+NamingConventions.m in Sources */ = {isa = PBXBuildFile; fileRef = 24EAA5D71647DDF300105FE1 /* NSString+NamingConventions.m */; };
		24EAA5E21647E02500105FE1 /* NSDictionary+ObjectForKeyOrNil.m in Sources */ = {isa = PBXBuildFile; fileRef = 24EAA5E11647E02500105FE1 /* NSDictionary+ObjectForKeyOrNil.m */; };
		24EAA5E51647E19200105FE1 /* WZHackersDataAPI.m in Sources */ = {isa = PBXBuildFile; fileRef = 24EAA5E41647E19200105FE1 /* WZHackersDataAPI.m */; };
		24EAA5E81647F0FE00105FE1 /* SystemConfiguration.framework in Frameworks */ = {isa = PBXBuildFile; fileRef = 24EAA5E71647F0FE00105FE1 /* SystemConfiguration.framework */; };
		24EAA5F01647F25A00105FE1 /* WZMainViewController.m in Sources */ = {isa = PBXBuildFile; fileRef = 24EAA5EF1647F25A00105FE1 /* WZMainViewController.m */; };
		24EAA5F31647F39400105FE1 /* WZHackersData.m in Sources */ = {isa = PBXBuildFile; fileRef = 24EAA5F21647F39400105FE1 /* WZHackersData.m */; };
		24EAA5F6164807E200105FE1 /* WZPostCell.m in Sources */ = {isa = PBXBuildFile; fileRef = 24EAA5F5164807E200105FE1 /* WZPostCell.m */; };
		24EAA60F1649647B00105FE1 /* QuartzCore.framework in Frameworks */ = {isa = PBXBuildFile; fileRef = 24EAA60E1649647B00105FE1 /* QuartzCore.framework */; };
		24EAA61C164967DF00105FE1 /* MessageUI.framework in Frameworks */ = {isa = PBXBuildFile; fileRef = 24EAA61B164967DF00105FE1 /* MessageUI.framework */; };
		DFCC5074B30047A392BC2180 /* libPods.a in Frameworks */ = {isa = PBXBuildFile; fileRef = ECD4604DC1E846869F39B01C /* libPods.a */; };
/* End PBXBuildFile section */

/* Begin PBXFileReference section */
		0A3F0AC425EC4C248CA0E46A /* Pods.xcconfig */ = {isa = PBXFileReference; includeInIndex = 1; lastKnownFileType = text.xcconfig; name = Pods.xcconfig; path = Pods/Pods.xcconfig; sourceTree = SOURCE_ROOT; };
		2402A6D5164D224100F637E5 /* WZCommentModel.h */ = {isa = PBXFileReference; fileEncoding = 4; lastKnownFileType = sourcecode.c.h; path = WZCommentModel.h; sourceTree = "<group>"; };
		2402A6D6164D224100F637E5 /* WZCommentModel.m */ = {isa = PBXFileReference; fileEncoding = 4; lastKnownFileType = sourcecode.c.objc; path = WZCommentModel.m; sourceTree = "<group>"; };
		2402A75D165120E400F637E5 /* menuicon.png */ = {isa = PBXFileReference; lastKnownFileType = image.png; path = menuicon.png; sourceTree = "<group>"; };
		2402A75E165120E400F637E5 /* menuicon@2x.png */ = {isa = PBXFileReference; lastKnownFileType = image.png; path = "menuicon@2x.png"; sourceTree = "<group>"; };
		241EA0A916C54E7F005D802F /* Icon.png */ = {isa = PBXFileReference; lastKnownFileType = image.png; name = Icon.png; path = ../../Icon.png; sourceTree = "<group>"; };
		241EA0AB16C54E86005D802F /* Icon@2x.png */ = {isa = PBXFileReference; lastKnownFileType = image.png; name = "Icon@2x.png"; path = "../../Icon@2x.png"; sourceTree = "<group>"; };
		2434A1AB16BD6DBA00C383CA /* back-arrow.png */ = {isa = PBXFileReference; lastKnownFileType = image.png; path = "back-arrow.png"; sourceTree = "<group>"; };
		2434A1AC16BD6DBA00C383CA /* back-arrow@2x.png */ = {isa = PBXFileReference; lastKnownFileType = image.png; path = "back-arrow@2x.png"; sourceTree = "<group>"; };
		2434A1C316BEB48900C383CA /* x.png */ = {isa = PBXFileReference; lastKnownFileType = image.png; path = x.png; sourceTree = "<group>"; };
		2434A1C416BEB48900C383CA /* x@2x.png */ = {isa = PBXFileReference; lastKnownFileType = image.png; path = "x@2x.png"; sourceTree = "<group>"; };
		2434A1EA16C0380B00C383CA /* forward-icon.png */ = {isa = PBXFileReference; lastKnownFileType = image.png; path = "forward-icon.png"; sourceTree = "<group>"; };
		2434A1EB16C0380B00C383CA /* forward-icon@2x.png */ = {isa = PBXFileReference; lastKnownFileType = image.png; path = "forward-icon@2x.png"; sourceTree = "<group>"; };
		2434A1EC16C0380B00C383CA /* back-icon.png */ = {isa = PBXFileReference; lastKnownFileType = image.png; path = "back-icon.png"; sourceTree = "<group>"; };
		2434A1ED16C0380B00C383CA /* back-icon@2x.png */ = {isa = PBXFileReference; lastKnownFileType = image.png; path = "back-icon@2x.png"; sourceTree = "<group>"; };
		2434A1F916C0398800C383CA /* refresh-icon.png */ = {isa = PBXFileReference; lastKnownFileType = image.png; path = "refresh-icon.png"; sourceTree = "<group>"; };
		2434A1FA16C0398800C383CA /* refresh-icon@2x.png */ = {isa = PBXFileReference; lastKnownFileType = image.png; path = "refresh-icon@2x.png"; sourceTree = "<group>"; };
		243749AE172BE942007762FC /* WZSettingsViewController.h */ = {isa = PBXFileReference; fileEncoding = 4; lastKnownFileType = sourcecode.c.h; path = WZSettingsViewController.h; sourceTree = "<group>"; };
		243749AF172BE942007762FC /* WZSettingsViewController.m */ = {isa = PBXFileReference; fileEncoding = 4; lastKnownFileType = sourcecode.c.objc; path = WZSettingsViewController.m; sourceTree = "<group>"; };
		24374A0C172C16A5007762FC /* NNInstapaperActivity@2x~ipad.png */ = {isa = PBXFileReference; lastKnownFileType = image.png; path = "NNInstapaperActivity@2x~ipad.png"; sourceTree = "<group>"; };
		24374A0D172C16A5007762FC /* NNInstapaperActivity@2x~iphone.png */ = {isa = PBXFileReference; lastKnownFileType = image.png; path = "NNInstapaperActivity@2x~iphone.png"; sourceTree = "<group>"; };
		24374A0E172C16A5007762FC /* NNInstapaperActivity~ipad.png */ = {isa = PBXFileReference; lastKnownFileType = image.png; path = "NNInstapaperActivity~ipad.png"; sourceTree = "<group>"; };
		24374A0F172C16A5007762FC /* NNInstapaperActivity~iphone.png */ = {isa = PBXFileReference; lastKnownFileType = image.png; path = "NNInstapaperActivity~iphone.png"; sourceTree = "<group>"; };
		24374A10172C16A5007762FC /* NNPocketActivity@2x~ipad.png */ = {isa = PBXFileReference; lastKnownFileType = image.png; path = "NNPocketActivity@2x~ipad.png"; sourceTree = "<group>"; };
		24374A11172C16A5007762FC /* NNPocketActivity@2x~iphone.png */ = {isa = PBXFileReference; lastKnownFileType = image.png; path = "NNPocketActivity@2x~iphone.png"; sourceTree = "<group>"; };
		24374A12172C16A5007762FC /* NNPocketActivity~ipad.png */ = {isa = PBXFileReference; lastKnownFileType = image.png; path = "NNPocketActivity~ipad.png"; sourceTree = "<group>"; };
		24374A13172C16A5007762FC /* NNPocketActivity~iphone.png */ = {isa = PBXFileReference; lastKnownFileType = image.png; path = "NNPocketActivity~iphone.png"; sourceTree = "<group>"; };
		24374A14172C16A5007762FC /* NNReadabilityActivity@2x~ipad.png */ = {isa = PBXFileReference; lastKnownFileType = image.png; path = "NNReadabilityActivity@2x~ipad.png"; sourceTree = "<group>"; };
		24374A15172C16A5007762FC /* NNReadabilityActivity@2x~iphone.png */ = {isa = PBXFileReference; lastKnownFileType = image.png; path = "NNReadabilityActivity@2x~iphone.png"; sourceTree = "<group>"; };
		24374A16172C16A5007762FC /* NNReadabilityActivity~ipad.png */ = {isa = PBXFileReference; lastKnownFileType = image.png; path = "NNReadabilityActivity~ipad.png"; sourceTree = "<group>"; };
		24374A17172C16A5007762FC /* NNReadabilityActivity~iphone.png */ = {isa = PBXFileReference; lastKnownFileType = image.png; path = "NNReadabilityActivity~iphone.png"; sourceTree = "<group>"; };
		24374A25172C1A13007762FC /* WZInstapaperActivity.h */ = {isa = PBXFileReference; fileEncoding = 4; lastKnownFileType = sourcecode.c.h; path = WZInstapaperActivity.h; sourceTree = "<group>"; };
		24374A26172C1A13007762FC /* WZInstapaperActivity.m */ = {isa = PBXFileReference; fileEncoding = 4; lastKnownFileType = sourcecode.c.objc; path = WZInstapaperActivity.m; sourceTree = "<group>"; };
		24374A28172C44B8007762FC /* WZAccountManager.h */ = {isa = PBXFileReference; fileEncoding = 4; lastKnownFileType = sourcecode.c.h; path = WZAccountManager.h; sourceTree = "<group>"; };
		24374A29172C44B8007762FC /* WZAccountManager.m */ = {isa = PBXFileReference; fileEncoding = 4; lastKnownFileType = sourcecode.c.objc; path = WZAccountManager.m; sourceTree = "<group>"; };
		243D1F381732C3F70033BC0F /* WZTheme.h */ = {isa = PBXFileReference; fileEncoding = 4; lastKnownFileType = sourcecode.c.h; path = WZTheme.h; sourceTree = "<group>"; };
		243D1F391732C3F70033BC0F /* WZTheme.m */ = {isa = PBXFileReference; fileEncoding = 4; lastKnownFileType = sourcecode.c.objc; path = WZTheme.m; sourceTree = "<group>"; };
		243D1F3B1732CA1C0033BC0F /* InAppSettings.bundle */ = {isa = PBXFileReference; lastKnownFileType = "wrapper.plug-in"; name = InAppSettings.bundle; path = Hackers/InAppSettings.bundle; sourceTree = "<group>"; };
		243D1F3D1732D0930033BC0F /* WZPinboardActivity.h */ = {isa = PBXFileReference; fileEncoding = 4; lastKnownFileType = sourcecode.c.h; path = WZPinboardActivity.h; sourceTree = "<group>"; };
		243D1F3E1732D0930033BC0F /* WZPinboardActivity.m */ = {isa = PBXFileReference; fileEncoding = 4; lastKnownFileType = sourcecode.c.objc; path = WZPinboardActivity.m; sourceTree = "<group>"; };
		243D1F401732D42D0033BC0F /* pinboard-icon~iphone.png */ = {isa = PBXFileReference; lastKnownFileType = image.png; path = "pinboard-icon~iphone.png"; sourceTree = "<group>"; };
		243D1F411732D42D0033BC0F /* pinboard-icon@2x~iphone.png */ = {isa = PBXFileReference; lastKnownFileType = image.png; path = "pinboard-icon@2x~iphone.png"; sourceTree = "<group>"; };
		243D1F421732D42D0033BC0F /* pinboard-icon~ipad.png */ = {isa = PBXFileReference; lastKnownFileType = image.png; path = "pinboard-icon~ipad.png"; sourceTree = "<group>"; };
		243D1F431732D42D0033BC0F /* pinboard-icon@2x~ipad.png */ = {isa = PBXFileReference; lastKnownFileType = image.png; path = "pinboard-icon@2x~ipad.png"; sourceTree = "<group>"; };
		243D1F481732DE850033BC0F /* navbar-bg-dark.png */ = {isa = PBXFileReference; lastKnownFileType = image.png; path = "navbar-bg-dark.png"; sourceTree = "<group>"; };
		243D1F491732DE850033BC0F /* navbar-bg-dark@2x.png */ = {isa = PBXFileReference; lastKnownFileType = image.png; path = "navbar-bg-dark@2x.png"; sourceTree = "<group>"; };
		245F85D016690AE3000D3EE1 /* Security.framework */ = {isa = PBXFileReference; lastKnownFileType = wrapper.framework; name = Security.framework; path = System/Library/Frameworks/Security.framework; sourceTree = SDKROOT; };
		2463930B16E0AA30005114ED /* WZNotify.h */ = {isa = PBXFileReference; fileEncoding = 4; lastKnownFileType = sourcecode.c.h; path = WZNotify.h; sourceTree = "<group>"; };
		2463930C16E0AA30005114ED /* WZNotify.m */ = {isa = PBXFileReference; fileEncoding = 4; lastKnownFileType = sourcecode.c.objc; path = WZNotify.m; sourceTree = "<group>"; };
		2475EC5B16DE591100FEAD45 /* Crashlytics.framework */ = {isa = PBXFileReference; lastKnownFileType = wrapper.framework; path = Crashlytics.framework; sourceTree = "<group>"; };
		2475EC6816DF617500FEAD45 /* WZNavigationController.h */ = {isa = PBXFileReference; fileEncoding = 4; lastKnownFileType = sourcecode.c.h; path = WZNavigationController.h; sourceTree = "<group>"; };
		2475EC6916DF617500FEAD45 /* WZNavigationController.m */ = {isa = PBXFileReference; fileEncoding = 4; lastKnownFileType = sourcecode.c.objc; path = WZNavigationController.m; sourceTree = "<group>"; };
		247A2D6516AC57DB00534229 /* ImageIO.framework */ = {isa = PBXFileReference; lastKnownFileType = wrapper.framework; name = ImageIO.framework; path = System/Library/Frameworks/ImageIO.framework; sourceTree = SDKROOT; };
		247A2D6616AC57DB00534229 /* libxml2.dylib */ = {isa = PBXFileReference; lastKnownFileType = "compiled.mach-o.dylib"; name = libxml2.dylib; path = usr/lib/libxml2.dylib; sourceTree = SDKROOT; };
		247A2D6716AC57DB00534229 /* MobileCoreServices.framework */ = {isa = PBXFileReference; lastKnownFileType = wrapper.framework; name = MobileCoreServices.framework; path = System/Library/Frameworks/MobileCoreServices.framework; sourceTree = SDKROOT; };
		2484384F16C11B4F001D2AA0 /* Default-568h@2x.png */ = {isa = PBXFileReference; lastKnownFileType = image.png; path = "Default-568h@2x.png"; sourceTree = "<group>"; };
		2484385016C11B4F001D2AA0 /* Default.png */ = {isa = PBXFileReference; lastKnownFileType = image.png; path = Default.png; sourceTree = "<group>"; };
		2484385116C11B4F001D2AA0 /* Default@2x.png */ = {isa = PBXFileReference; lastKnownFileType = image.png; path = "Default@2x.png"; sourceTree = "<group>"; };
		2484385F16C11E73001D2AA0 /* WZActivityViewController.h */ = {isa = PBXFileReference; fileEncoding = 4; lastKnownFileType = sourcecode.c.h; path = WZActivityViewController.h; sourceTree = "<group>"; };
		2484386016C11E73001D2AA0 /* WZActivityViewController.m */ = {isa = PBXFileReference; fileEncoding = 4; lastKnownFileType = sourcecode.c.objc; path = WZActivityViewController.m; sourceTree = "<group>"; };
		2484386B16C12664001D2AA0 /* WZPostModel.h */ = {isa = PBXFileReference; fileEncoding = 4; lastKnownFileType = sourcecode.c.h; path = WZPostModel.h; sourceTree = "<group>"; };
		2484386C16C12664001D2AA0 /* WZPostModel.m */ = {isa = PBXFileReference; fileEncoding = 4; lastKnownFileType = sourcecode.c.objc; path = WZPostModel.m; sourceTree = "<group>"; };
		24972C991643BC3C00B4EFB4 /* Hackers.app */ = {isa = PBXFileReference; explicitFileType = wrapper.application; includeInIndex = 0; path = Hackers.app; sourceTree = BUILT_PRODUCTS_DIR; };
		24972C9D1643BC3C00B4EFB4 /* UIKit.framework */ = {isa = PBXFileReference; includeInIndex = 1; lastKnownFileType = wrapper.framework; name = UIKit.framework; path = System/Library/Frameworks/UIKit.framework; sourceTree = SDKROOT; };
		24972C9F1643BC3C00B4EFB4 /* Foundation.framework */ = {isa = PBXFileReference; includeInIndex = 1; lastKnownFileType = wrapper.framework; name = Foundation.framework; path = System/Library/Frameworks/Foundation.framework; sourceTree = SDKROOT; };
		24972CA11643BC3C00B4EFB4 /* CoreGraphics.framework */ = {isa = PBXFileReference; includeInIndex = 1; lastKnownFileType = wrapper.framework; name = CoreGraphics.framework; path = System/Library/Frameworks/CoreGraphics.framework; sourceTree = SDKROOT; };
		24972CA31643BC3C00B4EFB4 /* CoreData.framework */ = {isa = PBXFileReference; includeInIndex = 1; lastKnownFileType = wrapper.framework; name = CoreData.framework; path = System/Library/Frameworks/CoreData.framework; sourceTree = SDKROOT; };
		24972CA71643BC3C00B4EFB4 /* Hackers-Info.plist */ = {isa = PBXFileReference; lastKnownFileType = text.plist.xml; name = "Hackers-Info.plist"; path = "Hackers/Hackers-Info.plist"; sourceTree = "<group>"; };
		24972CA91643BC3C00B4EFB4 /* en */ = {isa = PBXFileReference; lastKnownFileType = text.plist.strings; name = en; path = en.lproj/InfoPlist.strings; sourceTree = "<group>"; };
		24972CAB1643BC3C00B4EFB4 /* main.m */ = {isa = PBXFileReference; lastKnownFileType = sourcecode.c.objc; path = main.m; sourceTree = "<group>"; };
		24972CAD1643BC3C00B4EFB4 /* Hackers-Prefix.pch */ = {isa = PBXFileReference; lastKnownFileType = sourcecode.c.h; path = "Hackers-Prefix.pch"; sourceTree = "<group>"; };
		24972CAE1643BC3C00B4EFB4 /* WZAppDelegate.h */ = {isa = PBXFileReference; lastKnownFileType = sourcecode.c.h; path = WZAppDelegate.h; sourceTree = "<group>"; };
		24972CAF1643BC3C00B4EFB4 /* WZAppDelegate.m */ = {isa = PBXFileReference; lastKnownFileType = sourcecode.c.objc; path = WZAppDelegate.m; sourceTree = "<group>"; };
		24972CC01643C0F000B4EFB4 /* MainStoryboard.storyboard */ = {isa = PBXFileReference; fileEncoding = 4; lastKnownFileType = file.storyboard; path = MainStoryboard.storyboard; sourceTree = "<group>"; };
		249827551652A42E001C0ECF /* CoreText.framework */ = {isa = PBXFileReference; lastKnownFileType = wrapper.framework; name = CoreText.framework; path = System/Library/Frameworks/CoreText.framework; sourceTree = SDKROOT; };
		24AA08F7165187EA00FA9FEC /* greyButton.png */ = {isa = PBXFileReference; lastKnownFileType = image.png; path = greyButton.png; sourceTree = "<group>"; };
		24AA08F8165187EA00FA9FEC /* greyButton@2x.png */ = {isa = PBXFileReference; lastKnownFileType = image.png; path = "greyButton@2x.png"; sourceTree = "<group>"; };
		24AA08F9165187EA00FA9FEC /* greyButtonHighlight.png */ = {isa = PBXFileReference; lastKnownFileType = image.png; path = greyButtonHighlight.png; sourceTree = "<group>"; };
		24AA08FA165187EA00FA9FEC /* greyButtonHighlight@2x.png */ = {isa = PBXFileReference; lastKnownFileType = image.png; path = "greyButtonHighlight@2x.png"; sourceTree = "<group>"; };
		24B2216C16D6BB2200B35EAC /* menu-icon.png */ = {isa = PBXFileReference; lastKnownFileType = image.png; path = "menu-icon.png"; sourceTree = "<group>"; };
		24B2216D16D6BB2200B35EAC /* menu-icon@2x.png */ = {isa = PBXFileReference; lastKnownFileType = image.png; path = "menu-icon@2x.png"; sourceTree = "<group>"; };
		24B2217716D8DB6100B35EAC /* NSString+AttributedStringForHTML.h */ = {isa = PBXFileReference; fileEncoding = 4; lastKnownFileType = sourcecode.c.h; path = "NSString+AttributedStringForHTML.h"; sourceTree = "<group>"; };
		24B2217816D8DB6100B35EAC /* NSString+AttributedStringForHTML.m */ = {isa = PBXFileReference; fileEncoding = 4; lastKnownFileType = sourcecode.c.objc; path = "NSString+AttributedStringForHTML.m"; sourceTree = "<group>"; };
		24B2217A16D8F37400B35EAC /* HackersDataModel 1.1.xcdatamodel */ = {isa = PBXFileReference; lastKnownFileType = wrapper.xcdatamodel; path = "HackersDataModel 1.1.xcdatamodel"; sourceTree = "<group>"; };
		24B2217B16D91A4800B35EAC /* unread-badge@2x.png */ = {isa = PBXFileReference; lastKnownFileType = image.png; path = "unread-badge@2x.png"; sourceTree = "<group>"; };
		24B2217C16D91A4800B35EAC /* unread-badge.png */ = {isa = PBXFileReference; lastKnownFileType = image.png; path = "unread-badge.png"; sourceTree = "<group>"; };
		24B2BF4B164C5BEF00C588F1 /* WZCommentsViewController.h */ = {isa = PBXFileReference; fileEncoding = 4; lastKnownFileType = sourcecode.c.h; path = WZCommentsViewController.h; sourceTree = "<group>"; };
		24B2BF4C164C5BEF00C588F1 /* WZCommentsViewController.m */ = {isa = PBXFileReference; fileEncoding = 4; lastKnownFileType = sourcecode.c.objc; path = WZCommentsViewController.m; sourceTree = "<group>"; };
		24B2BF4E164C5C7700C588F1 /* WZCommentCell.h */ = {isa = PBXFileReference; fileEncoding = 4; lastKnownFileType = sourcecode.c.h; path = WZCommentCell.h; sourceTree = "<group>"; };
		24B2BF4F164C5C7700C588F1 /* WZCommentCell.m */ = {isa = PBXFileReference; fileEncoding = 4; lastKnownFileType = sourcecode.c.objc; path = WZCommentCell.m; sourceTree = "<group>"; };
		24B3019A16F753B7005405CD /* frontViewControllerDropShadow.png */ = {isa = PBXFileReference; lastKnownFileType = image.png; path = frontViewControllerDropShadow.png; sourceTree = "<group>"; };
		24B3019B16F753B7005405CD /* frontViewControllerDropShadow@2x.png */ = {isa = PBXFileReference; lastKnownFileType = image.png; path = "frontViewControllerDropShadow@2x.png"; sourceTree = "<group>"; };
		24B3019C16F753B7005405CD /* JSSlidingViewController.h */ = {isa = PBXFileReference; fileEncoding = 4; lastKnownFileType = sourcecode.c.h; path = JSSlidingViewController.h; sourceTree = "<group>"; };
		24B3019D16F753B7005405CD /* JSSlidingViewController.m */ = {isa = PBXFileReference; fileEncoding = 4; lastKnownFileType = sourcecode.c.objc; path = JSSlidingViewController.m; sourceTree = "<group>"; };
		24B7D8FB164ADA3F00F55B3D /* _WZRead.h */ = {isa = PBXFileReference; fileEncoding = 4; lastKnownFileType = sourcecode.c.h; path = _WZRead.h; sourceTree = "<group>"; };
		24B7D8FC164ADA3F00F55B3D /* _WZRead.m */ = {isa = PBXFileReference; fileEncoding = 4; lastKnownFileType = sourcecode.c.objc; path = _WZRead.m; sourceTree = "<group>"; };
		24B7D8FD164ADA3F00F55B3D /* WZRead.h */ = {isa = PBXFileReference; fileEncoding = 4; lastKnownFileType = sourcecode.c.h; path = WZRead.h; sourceTree = "<group>"; };
		24B7D8FE164ADA3F00F55B3D /* WZRead.m */ = {isa = PBXFileReference; fileEncoding = 4; lastKnownFileType = sourcecode.c.objc; path = WZRead.m; sourceTree = "<group>"; };
		24C43FEB16A44DCC00055D65 /* cs */ = {isa = PBXFileReference; lastKnownFileType = text.plist.strings; name = cs; path = cs.lproj/TUSafariActivity.strings; sourceTree = "<group>"; };
		24C43FEC16A44DCC00055D65 /* de */ = {isa = PBXFileReference; lastKnownFileType = text.plist.strings; name = de; path = de.lproj/TUSafariActivity.strings; sourceTree = "<group>"; };
		24C43FED16A44DCC00055D65 /* en */ = {isa = PBXFileReference; lastKnownFileType = text.plist.strings; name = en; path = en.lproj/TUSafariActivity.strings; sourceTree = "<group>"; };
		24C43FEE16A44DCC00055D65 /* es */ = {isa = PBXFileReference; lastKnownFileType = text.plist.strings; name = es; path = es.lproj/TUSafariActivity.strings; sourceTree = "<group>"; };
		24C43FEF16A44DCC00055D65 /* eu */ = {isa = PBXFileReference; lastKnownFileType = text.plist.strings; name = eu; path = eu.lproj/TUSafariActivity.strings; sourceTree = "<group>"; };
		24C43FF016A44DCC00055D65 /* fr */ = {isa = PBXFileReference; lastKnownFileType = text.plist.strings; name = fr; path = fr.lproj/TUSafariActivity.strings; sourceTree = "<group>"; };
		24C43FF116A44DCC00055D65 /* it */ = {isa = PBXFileReference; lastKnownFileType = text.plist.strings; name = it; path = it.lproj/TUSafariActivity.strings; sourceTree = "<group>"; };
		24C43FF216A44DCC00055D65 /* ja */ = {isa = PBXFileReference; lastKnownFileType = text.plist.strings; name = ja; path = ja.lproj/TUSafariActivity.strings; sourceTree = "<group>"; };
		24C43FF316A44DCC00055D65 /* ko */ = {isa = PBXFileReference; lastKnownFileType = text.plist.strings; name = ko; path = ko.lproj/TUSafariActivity.strings; sourceTree = "<group>"; };
		24C43FF416A44DCC00055D65 /* nl */ = {isa = PBXFileReference; lastKnownFileType = text.plist.strings; name = nl; path = nl.lproj/TUSafariActivity.strings; sourceTree = "<group>"; };
		24C43FF516A44DCC00055D65 /* no */ = {isa = PBXFileReference; lastKnownFileType = text.plist.strings; name = no; path = no.lproj/TUSafariActivity.strings; sourceTree = "<group>"; };
		24C43FF616A44DCC00055D65 /* ru */ = {isa = PBXFileReference; lastKnownFileType = text.plist.strings; name = ru; path = ru.lproj/TUSafariActivity.strings; sourceTree = "<group>"; };
		24C43FF716A44DCC00055D65 /* Safari.png */ = {isa = PBXFileReference; lastKnownFileType = image.png; path = Safari.png; sourceTree = "<group>"; };
		24C43FF816A44DCC00055D65 /* Safari@2x.png */ = {isa = PBXFileReference; lastKnownFileType = image.png; path = "Safari@2x.png"; sourceTree = "<group>"; };
		24C43FF916A44DCC00055D65 /* Safari@2x~ipad.png */ = {isa = PBXFileReference; lastKnownFileType = image.png; path = "Safari@2x~ipad.png"; sourceTree = "<group>"; };
		24C43FFA16A44DCC00055D65 /* Safari~ipad.png */ = {isa = PBXFileReference; lastKnownFileType = image.png; path = "Safari~ipad.png"; sourceTree = "<group>"; };
		24C43FFB16A44DCC00055D65 /* sk */ = {isa = PBXFileReference; lastKnownFileType = text.plist.strings; name = sk; path = sk.lproj/TUSafariActivity.strings; sourceTree = "<group>"; };
		24C43FFC16A44DCC00055D65 /* sv */ = {isa = PBXFileReference; lastKnownFileType = text.plist.strings; name = sv; path = sv.lproj/TUSafariActivity.strings; sourceTree = "<group>"; };
		24C43FFD16A44DCC00055D65 /* TUSafariActivity.h */ = {isa = PBXFileReference; fileEncoding = 4; lastKnownFileType = sourcecode.c.h; path = TUSafariActivity.h; sourceTree = "<group>"; };
		24C43FFE16A44DCC00055D65 /* TUSafariActivity.m */ = {isa = PBXFileReference; fileEncoding = 4; lastKnownFileType = sourcecode.c.objc; path = TUSafariActivity.m; sourceTree = "<group>"; };
		24C43FFF16A44DCC00055D65 /* vi */ = {isa = PBXFileReference; lastKnownFileType = text.plist.strings; name = vi; path = vi.lproj/TUSafariActivity.strings; sourceTree = "<group>"; };
		24C4400016A44DCC00055D65 /* zh_CN */ = {isa = PBXFileReference; lastKnownFileType = text.plist.strings; name = zh_CN; path = zh_CN.lproj/TUSafariActivity.strings; sourceTree = "<group>"; };
		24D0DB0016B5DB98001342A8 /* navbar-bg@2x.png */ = {isa = PBXFileReference; lastKnownFileType = image.png; path = "navbar-bg@2x.png"; sourceTree = "<group>"; };
		24D0DB0116B5DB98001342A8 /* navbar-bg.png */ = {isa = PBXFileReference; lastKnownFileType = image.png; path = "navbar-bg.png"; sourceTree = "<group>"; };
		24D0DB0416B5DE57001342A8 /* navbar-bg-highlighted.png */ = {isa = PBXFileReference; lastKnownFileType = image.png; path = "navbar-bg-highlighted.png"; sourceTree = "<group>"; };
		24D0DB0516B5DE57001342A8 /* navbar-bg-highlighted@2x.png */ = {isa = PBXFileReference; lastKnownFileType = image.png; path = "navbar-bg-highlighted@2x.png"; sourceTree = "<group>"; };
		24D11C0E16C42681000AE946 /* WZDefaults.h */ = {isa = PBXFileReference; fileEncoding = 4; lastKnownFileType = sourcecode.c.h; path = WZDefaults.h; sourceTree = "<group>"; };
		24D11C0F16C42681000AE946 /* WZDefaults.m */ = {isa = PBXFileReference; fileEncoding = 4; lastKnownFileType = sourcecode.c.objc; path = WZDefaults.m; sourceTree = "<group>"; };
		24DD252C16CBA676005ED6EA /* share-icon.png */ = {isa = PBXFileReference; lastKnownFileType = image.png; path = "share-icon.png"; sourceTree = "<group>"; };
		24DD252D16CBA676005ED6EA /* share-icon@2x.png */ = {isa = PBXFileReference; lastKnownFileType = image.png; path = "share-icon@2x.png"; sourceTree = "<group>"; };
		24DD253016CBACC2005ED6EA /* mobilizer-icon.png */ = {isa = PBXFileReference; lastKnownFileType = image.png; path = "mobilizer-icon.png"; sourceTree = "<group>"; };
		24DD253116CBACC2005ED6EA /* mobilizer-icon@2x.png */ = {isa = PBXFileReference; lastKnownFileType = image.png; path = "mobilizer-icon@2x.png"; sourceTree = "<group>"; };
		24DD253416CBB0A8005ED6EA /* mobilizer-icon-highlighted.png */ = {isa = PBXFileReference; lastKnownFileType = image.png; path = "mobilizer-icon-highlighted.png"; sourceTree = "<group>"; };
		24DD253516CBB0A8005ED6EA /* mobilizer-icon-highlighted@2x.png */ = {isa = PBXFileReference; lastKnownFileType = image.png; path = "mobilizer-icon-highlighted@2x.png"; sourceTree = "<group>"; };
		24DD253E16CBE920005ED6EA /* WZWebViewController.h */ = {isa = PBXFileReference; fileEncoding = 4; lastKnownFileType = sourcecode.c.h; path = WZWebViewController.h; sourceTree = "<group>"; };
		24DD253F16CBE920005ED6EA /* WZWebViewController.m */ = {isa = PBXFileReference; fileEncoding = 4; lastKnownFileType = sourcecode.c.objc; path = WZWebViewController.m; sourceTree = "<group>"; };
		24DD254816CBF368005ED6EA /* WZWebView.xib */ = {isa = PBXFileReference; fileEncoding = 4; lastKnownFileType = file.xib; path = WZWebView.xib; sourceTree = "<group>"; };
		24DF0C8B171D99380095491D /* WZMenuViewController.h */ = {isa = PBXFileReference; fileEncoding = 4; lastKnownFileType = sourcecode.c.h; path = WZMenuViewController.h; sourceTree = "<group>"; };
		24DF0C8C171D99380095491D /* WZMenuViewController.m */ = {isa = PBXFileReference; fileEncoding = 4; lastKnownFileType = sourcecode.c.objc; path = WZMenuViewController.m; sourceTree = "<group>"; };
		24EAA5B41647D56900105FE1 /* HackersDataModel.xcdatamodel */ = {isa = PBXFileReference; lastKnownFileType = wrapper.xcdatamodel; path = HackersDataModel.xcdatamodel; sourceTree = "<group>"; };
		24EAA5C41647DC9C00105FE1 /* _WZComment.h */ = {isa = PBXFileReference; fileEncoding = 4; lastKnownFileType = sourcecode.c.h; path = _WZComment.h; sourceTree = "<group>"; };
		24EAA5C51647DC9C00105FE1 /* _WZComment.m */ = {isa = PBXFileReference; fileEncoding = 4; lastKnownFileType = sourcecode.c.objc; path = _WZComment.m; sourceTree = "<group>"; };
		24EAA5C61647DC9C00105FE1 /* _WZPost.h */ = {isa = PBXFileReference; fileEncoding = 4; lastKnownFileType = sourcecode.c.h; path = _WZPost.h; sourceTree = "<group>"; };
		24EAA5C71647DC9C00105FE1 /* _WZPost.m */ = {isa = PBXFileReference; fileEncoding = 4; lastKnownFileType = sourcecode.c.objc; path = _WZPost.m; sourceTree = "<group>"; };
		24EAA5C81647DC9C00105FE1 /* WZComment.h */ = {isa = PBXFileReference; fileEncoding = 4; lastKnownFileType = sourcecode.c.h; path = WZComment.h; sourceTree = "<group>"; };
		24EAA5C91647DC9C00105FE1 /* WZComment.m */ = {isa = PBXFileReference; fileEncoding = 4; lastKnownFileType = sourcecode.c.objc; path = WZComment.m; sourceTree = "<group>"; };
		24EAA5CA1647DC9C00105FE1 /* WZPost.h */ = {isa = PBXFileReference; fileEncoding = 4; lastKnownFileType = sourcecode.c.h; path = WZPost.h; sourceTree = "<group>"; };
		24EAA5CB1647DC9C00105FE1 /* WZPost.m */ = {isa = PBXFileReference; fileEncoding = 4; lastKnownFileType = sourcecode.c.objc; path = WZPost.m; sourceTree = "<group>"; };
		24EAA5D21647DDA600105FE1 /* JSONObject.h */ = {isa = PBXFileReference; fileEncoding = 4; lastKnownFileType = sourcecode.c.h; path = JSONObject.h; sourceTree = "<group>"; };
		24EAA5D31647DDA600105FE1 /* JSONObject.m */ = {isa = PBXFileReference; fileEncoding = 4; lastKnownFileType = sourcecode.c.objc; path = JSONObject.m; sourceTree = "<group>"; };
		24EAA5D61647DDF300105FE1 /* NSString+NamingConventions.h */ = {isa = PBXFileReference; fileEncoding = 4; lastKnownFileType = sourcecode.c.h; path = "NSString+NamingConventions.h"; sourceTree = "<group>"; };
		24EAA5D71647DDF300105FE1 /* NSString+NamingConventions.m */ = {isa = PBXFileReference; fileEncoding = 4; lastKnownFileType = sourcecode.c.objc; path = "NSString+NamingConventions.m"; sourceTree = "<group>"; };
		24EAA5E01647E02500105FE1 /* NSDictionary+ObjectForKeyOrNil.h */ = {isa = PBXFileReference; fileEncoding = 4; lastKnownFileType = sourcecode.c.h; path = "NSDictionary+ObjectForKeyOrNil.h"; sourceTree = "<group>"; };
		24EAA5E11647E02500105FE1 /* NSDictionary+ObjectForKeyOrNil.m */ = {isa = PBXFileReference; fileEncoding = 4; lastKnownFileType = sourcecode.c.objc; path = "NSDictionary+ObjectForKeyOrNil.m"; sourceTree = "<group>"; };
		24EAA5E31647E19200105FE1 /* WZHackersDataAPI.h */ = {isa = PBXFileReference; fileEncoding = 4; lastKnownFileType = sourcecode.c.h; path = WZHackersDataAPI.h; sourceTree = "<group>"; };
		24EAA5E41647E19200105FE1 /* WZHackersDataAPI.m */ = {isa = PBXFileReference; fileEncoding = 4; lastKnownFileType = sourcecode.c.objc; path = WZHackersDataAPI.m; sourceTree = "<group>"; };
		24EAA5E71647F0FE00105FE1 /* SystemConfiguration.framework */ = {isa = PBXFileReference; lastKnownFileType = wrapper.framework; name = SystemConfiguration.framework; path = System/Library/Frameworks/SystemConfiguration.framework; sourceTree = SDKROOT; };
		24EAA5EE1647F25A00105FE1 /* WZMainViewController.h */ = {isa = PBXFileReference; fileEncoding = 4; lastKnownFileType = sourcecode.c.h; path = WZMainViewController.h; sourceTree = "<group>"; };
		24EAA5EF1647F25A00105FE1 /* WZMainViewController.m */ = {isa = PBXFileReference; fileEncoding = 4; lastKnownFileType = sourcecode.c.objc; path = WZMainViewController.m; sourceTree = "<group>"; };
		24EAA5F11647F39400105FE1 /* WZHackersData.h */ = {isa = PBXFileReference; fileEncoding = 4; lastKnownFileType = sourcecode.c.h; path = WZHackersData.h; sourceTree = "<group>"; };
		24EAA5F21647F39400105FE1 /* WZHackersData.m */ = {isa = PBXFileReference; fileEncoding = 4; lastKnownFileType = sourcecode.c.objc; path = WZHackersData.m; sourceTree = "<group>"; };
		24EAA5F4164807E200105FE1 /* WZPostCell.h */ = {isa = PBXFileReference; fileEncoding = 4; lastKnownFileType = sourcecode.c.h; path = WZPostCell.h; sourceTree = "<group>"; };
		24EAA5F5164807E200105FE1 /* WZPostCell.m */ = {isa = PBXFileReference; fileEncoding = 4; lastKnownFileType = sourcecode.c.objc; path = WZPostCell.m; sourceTree = "<group>"; };
		24EAA60E1649647B00105FE1 /* QuartzCore.framework */ = {isa = PBXFileReference; lastKnownFileType = wrapper.framework; name = QuartzCore.framework; path = System/Library/Frameworks/QuartzCore.framework; sourceTree = SDKROOT; };
		24EAA61B164967DF00105FE1 /* MessageUI.framework */ = {isa = PBXFileReference; lastKnownFileType = wrapper.framework; name = MessageUI.framework; path = System/Library/Frameworks/MessageUI.framework; sourceTree = SDKROOT; };
		ECD4604DC1E846869F39B01C /* libPods.a */ = {isa = PBXFileReference; explicitFileType = archive.ar; includeInIndex = 0; path = libPods.a; sourceTree = BUILT_PRODUCTS_DIR; };
/* End PBXFileReference section */

/* Begin PBXFrameworksBuildPhase section */
		24972C961643BC3C00B4EFB4 /* Frameworks */ = {
			isa = PBXFrameworksBuildPhase;
			buildActionMask = 2147483647;
			files = (
				247A2D6A16AC57DB00534229 /* MobileCoreServices.framework in Frameworks */,
				247A2D6816AC57DB00534229 /* ImageIO.framework in Frameworks */,
				247A2D6916AC57DB00534229 /* libxml2.dylib in Frameworks */,
				249827561652A42E001C0ECF /* CoreText.framework in Frameworks */,
				24EAA60F1649647B00105FE1 /* QuartzCore.framework in Frameworks */,
				245F85D116690AE3000D3EE1 /* Security.framework in Frameworks */,
				24EAA61C164967DF00105FE1 /* MessageUI.framework in Frameworks */,
				24EAA5E81647F0FE00105FE1 /* SystemConfiguration.framework in Frameworks */,
				24972C9E1643BC3C00B4EFB4 /* UIKit.framework in Frameworks */,
				24972CA01643BC3C00B4EFB4 /* Foundation.framework in Frameworks */,
				24972CA21643BC3C00B4EFB4 /* CoreGraphics.framework in Frameworks */,
				24972CA41643BC3C00B4EFB4 /* CoreData.framework in Frameworks */,
				DFCC5074B30047A392BC2180 /* libPods.a in Frameworks */,
				2475EC5C16DE591100FEAD45 /* Crashlytics.framework in Frameworks */,
			);
			runOnlyForDeploymentPostprocessing = 0;
		};
/* End PBXFrameworksBuildPhase section */

/* Begin PBXGroup section */
		2402A75A165120B500F637E5 /* Images */ = {
			isa = PBXGroup;
			children = (
				24B2217B16D91A4800B35EAC /* unread-badge@2x.png */,
				24B2217C16D91A4800B35EAC /* unread-badge.png */,
				24B2216C16D6BB2200B35EAC /* menu-icon.png */,
				24B2216D16D6BB2200B35EAC /* menu-icon@2x.png */,
				24DD253416CBB0A8005ED6EA /* mobilizer-icon-highlighted.png */,
				24DD253516CBB0A8005ED6EA /* mobilizer-icon-highlighted@2x.png */,
				24DD253016CBACC2005ED6EA /* mobilizer-icon.png */,
				24DD253116CBACC2005ED6EA /* mobilizer-icon@2x.png */,
				24DD252C16CBA676005ED6EA /* share-icon.png */,
				24DD252D16CBA676005ED6EA /* share-icon@2x.png */,
				241EA0AB16C54E86005D802F /* Icon@2x.png */,
				241EA0A916C54E7F005D802F /* Icon.png */,
				2484384F16C11B4F001D2AA0 /* Default-568h@2x.png */,
				2484385016C11B4F001D2AA0 /* Default.png */,
				2484385116C11B4F001D2AA0 /* Default@2x.png */,
				2434A1F916C0398800C383CA /* refresh-icon.png */,
				2434A1FA16C0398800C383CA /* refresh-icon@2x.png */,
				2434A1EA16C0380B00C383CA /* forward-icon.png */,
				2434A1EB16C0380B00C383CA /* forward-icon@2x.png */,
				2434A1EC16C0380B00C383CA /* back-icon.png */,
				2434A1ED16C0380B00C383CA /* back-icon@2x.png */,
				2434A1C316BEB48900C383CA /* x.png */,
				2434A1C416BEB48900C383CA /* x@2x.png */,
				2434A1AB16BD6DBA00C383CA /* back-arrow.png */,
				2434A1AC16BD6DBA00C383CA /* back-arrow@2x.png */,
				24D0DB0416B5DE57001342A8 /* navbar-bg-highlighted.png */,
				24D0DB0516B5DE57001342A8 /* navbar-bg-highlighted@2x.png */,
				24D0DB0016B5DB98001342A8 /* navbar-bg@2x.png */,
				24D0DB0116B5DB98001342A8 /* navbar-bg.png */,
				243D1F481732DE850033BC0F /* navbar-bg-dark.png */,
				243D1F491732DE850033BC0F /* navbar-bg-dark@2x.png */,
				2402A75D165120E400F637E5 /* menuicon.png */,
				2402A75E165120E400F637E5 /* menuicon@2x.png */,
				24AA08F7165187EA00FA9FEC /* greyButton.png */,
				24AA08F8165187EA00FA9FEC /* greyButton@2x.png */,
				24AA08F9165187EA00FA9FEC /* greyButtonHighlight.png */,
				24AA08FA165187EA00FA9FEC /* greyButtonHighlight@2x.png */,
				24374A0C172C16A5007762FC /* NNInstapaperActivity@2x~ipad.png */,
				24374A0D172C16A5007762FC /* NNInstapaperActivity@2x~iphone.png */,
				24374A0E172C16A5007762FC /* NNInstapaperActivity~ipad.png */,
				24374A0F172C16A5007762FC /* NNInstapaperActivity~iphone.png */,
				24374A10172C16A5007762FC /* NNPocketActivity@2x~ipad.png */,
				24374A11172C16A5007762FC /* NNPocketActivity@2x~iphone.png */,
				24374A12172C16A5007762FC /* NNPocketActivity~ipad.png */,
				24374A13172C16A5007762FC /* NNPocketActivity~iphone.png */,
				24374A14172C16A5007762FC /* NNReadabilityActivity@2x~ipad.png */,
				24374A15172C16A5007762FC /* NNReadabilityActivity@2x~iphone.png */,
				24374A16172C16A5007762FC /* NNReadabilityActivity~ipad.png */,
				24374A17172C16A5007762FC /* NNReadabilityActivity~iphone.png */,
				243D1F401732D42D0033BC0F /* pinboard-icon~iphone.png */,
				243D1F411732D42D0033BC0F /* pinboard-icon@2x~iphone.png */,
				243D1F421732D42D0033BC0F /* pinboard-icon~ipad.png */,
				243D1F431732D42D0033BC0F /* pinboard-icon@2x~ipad.png */,
			);
			name = Images;
			path = Hackers/Images;
			sourceTree = "<group>";
		};
		2417B65F16B9ADCA009E11EC /* Controllers */ = {
			isa = PBXGroup;
			children = (
				243749AD172BE91D007762FC /* Settings */,
				24DF0C8A171D992B0095491D /* Menu */,
				2463930A16E0AA21005114ED /* Notify */,
				2417B66716B9ADDB009E11EC /* Main */,
				2417B66816B9ADDF009E11EC /* Comments */,
				2484385716C11E54001D2AA0 /* ActivityView */,
				2434A1CB16BEED7A00C383CA /* Web */,
			);
			name = Controllers;
			sourceTree = "<group>";
		};
		2417B66716B9ADDB009E11EC /* Main */ = {
			isa = PBXGroup;
			children = (
				24EAA5EE1647F25A00105FE1 /* WZMainViewController.h */,
				24EAA5EF1647F25A00105FE1 /* WZMainViewController.m */,
				2475EC6816DF617500FEAD45 /* WZNavigationController.h */,
				2475EC6916DF617500FEAD45 /* WZNavigationController.m */,
			);
			name = Main;
			sourceTree = "<group>";
		};
		2417B66816B9ADDF009E11EC /* Comments */ = {
			isa = PBXGroup;
			children = (
				24B2BF4B164C5BEF00C588F1 /* WZCommentsViewController.h */,
				24B2BF4C164C5BEF00C588F1 /* WZCommentsViewController.m */,
			);
			name = Comments;
			sourceTree = "<group>";
		};
		2417B66916B9AE06009E11EC /* Views */ = {
			isa = PBXGroup;
			children = (
				24972CBF1643BD2900B4EFB4 /* Storyboards */,
				2417B66A16B9AE0D009E11EC /* Cells */,
			);
			name = Views;
			sourceTree = "<group>";
		};
		2417B66A16B9AE0D009E11EC /* Cells */ = {
			isa = PBXGroup;
			children = (
				24EAA5F4164807E200105FE1 /* WZPostCell.h */,
				24EAA5F5164807E200105FE1 /* WZPostCell.m */,
				24B2BF4E164C5C7700C588F1 /* WZCommentCell.h */,
				24B2BF4F164C5C7700C588F1 /* WZCommentCell.m */,
			);
			name = Cells;
			sourceTree = "<group>";
		};
		2417B66D16B9AED8009E11EC /* View Models */ = {
			isa = PBXGroup;
			children = (
				2402A6D5164D224100F637E5 /* WZCommentModel.h */,
				2402A6D6164D224100F637E5 /* WZCommentModel.m */,
				2484386B16C12664001D2AA0 /* WZPostModel.h */,
				2484386C16C12664001D2AA0 /* WZPostModel.m */,
			);
			name = "View Models";
			sourceTree = "<group>";
		};
		2417B66E16B9AF29009E11EC /* Classes */ = {
			isa = PBXGroup;
			children = (
				24972CA51643BC3C00B4EFB4 /* Hackers */,
			);
			name = Classes;
			sourceTree = "<group>";
		};
		2417B66F16B9AF3D009E11EC /* Resources */ = {
			isa = PBXGroup;
			children = (
				24972CA71643BC3C00B4EFB4 /* Hackers-Info.plist */,
				2402A75A165120B500F637E5 /* Images */,
			);
			name = Resources;
			sourceTree = "<group>";
		};
		2434A19E16BD640300C383CA /* Misc */ = {
			isa = PBXGroup;
			children = (
				24374A28172C44B8007762FC /* WZAccountManager.h */,
				24374A29172C44B8007762FC /* WZAccountManager.m */,
			);
			name = Misc;
			sourceTree = "<group>";
		};
		2434A1CB16BEED7A00C383CA /* Web */ = {
			isa = PBXGroup;
			children = (
				24DD253E16CBE920005ED6EA /* WZWebViewController.h */,
				24DD253F16CBE920005ED6EA /* WZWebViewController.m */,
				24DD254816CBF368005ED6EA /* WZWebView.xib */,
			);
			name = Web;
			sourceTree = "<group>";
		};
		243749AD172BE91D007762FC /* Settings */ = {
			isa = PBXGroup;
			children = (
				243749AE172BE942007762FC /* WZSettingsViewController.h */,
				243749AF172BE942007762FC /* WZSettingsViewController.m */,
			);
			name = Settings;
			sourceTree = "<group>";
		};
		24374A24172C19F6007762FC /* Activities */ = {
			isa = PBXGroup;
			children = (
				24374A25172C1A13007762FC /* WZInstapaperActivity.h */,
				24374A26172C1A13007762FC /* WZInstapaperActivity.m */,
				243D1F3D1732D0930033BC0F /* WZPinboardActivity.h */,
				243D1F3E1732D0930033BC0F /* WZPinboardActivity.m */,
			);
			name = Activities;
			sourceTree = "<group>";
		};
		2463930A16E0AA21005114ED /* Notify */ = {
			isa = PBXGroup;
			children = (
				2463930B16E0AA30005114ED /* WZNotify.h */,
				2463930C16E0AA30005114ED /* WZNotify.m */,
			);
			name = Notify;
			sourceTree = "<group>";
		};
		2484385716C11E54001D2AA0 /* ActivityView */ = {
			isa = PBXGroup;
			children = (
				24374A24172C19F6007762FC /* Activities */,
				2484385F16C11E73001D2AA0 /* WZActivityViewController.h */,
				2484386016C11E73001D2AA0 /* WZActivityViewController.m */,
			);
			name = ActivityView;
			sourceTree = "<group>";
		};
		24972C8E1643BC3C00B4EFB4 = {
			isa = PBXGroup;
			children = (
				2417B66E16B9AF29009E11EC /* Classes */,
				24972CA61643BC3C00B4EFB4 /* Supporting Files */,
				2417B66F16B9AF3D009E11EC /* Resources */,
				24975A72164A88A5000143A1 /* Libraries */,
				24972C9C1643BC3C00B4EFB4 /* Frameworks */,
				24972C9A1643BC3C00B4EFB4 /* Products */,
				243D1F3B1732CA1C0033BC0F /* InAppSettings.bundle */,
				0A3F0AC425EC4C248CA0E46A /* Pods.xcconfig */,
			);
			sourceTree = "<group>";
		};
		24972C9A1643BC3C00B4EFB4 /* Products */ = {
			isa = PBXGroup;
			children = (
				24972C991643BC3C00B4EFB4 /* Hackers.app */,
			);
			name = Products;
			sourceTree = "<group>";
		};
		24972C9C1643BC3C00B4EFB4 /* Frameworks */ = {
			isa = PBXGroup;
			children = (
				2475EC5B16DE591100FEAD45 /* Crashlytics.framework */,
				247A2D6516AC57DB00534229 /* ImageIO.framework */,
				247A2D6616AC57DB00534229 /* libxml2.dylib */,
				247A2D6716AC57DB00534229 /* MobileCoreServices.framework */,
				245F85D016690AE3000D3EE1 /* Security.framework */,
				249827551652A42E001C0ECF /* CoreText.framework */,
				24EAA61B164967DF00105FE1 /* MessageUI.framework */,
				24EAA60E1649647B00105FE1 /* QuartzCore.framework */,
				24EAA5E71647F0FE00105FE1 /* SystemConfiguration.framework */,
				24972C9D1643BC3C00B4EFB4 /* UIKit.framework */,
				24972C9F1643BC3C00B4EFB4 /* Foundation.framework */,
				24972CA11643BC3C00B4EFB4 /* CoreGraphics.framework */,
				24972CA31643BC3C00B4EFB4 /* CoreData.framework */,
				ECD4604DC1E846869F39B01C /* libPods.a */,
			);
			name = Frameworks;
			sourceTree = "<group>";
		};
		24972CA51643BC3C00B4EFB4 /* Hackers */ = {
			isa = PBXGroup;
			children = (
				2417B66916B9AE06009E11EC /* Views */,
				2417B65F16B9ADCA009E11EC /* Controllers */,
				2417B66D16B9AED8009E11EC /* View Models */,
				24EAA5B21647D52300105FE1 /* Models */,
				2434A19E16BD640300C383CA /* Misc */,
				24EAA5E61647EBCE00105FE1 /* App */,
				24EAA5D51647DDD200105FE1 /* Categories */,
				24EAA5B01647C56400105FE1 /* API */,
			);
			path = Hackers;
			sourceTree = "<group>";
		};
		24972CA61643BC3C00B4EFB4 /* Supporting Files */ = {
			isa = PBXGroup;
			children = (
				24972CA81643BC3C00B4EFB4 /* InfoPlist.strings */,
				24972CAB1643BC3C00B4EFB4 /* main.m */,
				24972CAD1643BC3C00B4EFB4 /* Hackers-Prefix.pch */,
			);
			name = "Supporting Files";
			path = Hackers;
			sourceTree = "<group>";
		};
		24972CBF1643BD2900B4EFB4 /* Storyboards */ = {
			isa = PBXGroup;
			children = (
				24972CC01643C0F000B4EFB4 /* MainStoryboard.storyboard */,
			);
			name = Storyboards;
			sourceTree = "<group>";
		};
		24975A72164A88A5000143A1 /* Libraries */ = {
			isa = PBXGroup;
			children = (
				24B3019916F753B7005405CD /* JSSlidingViewController */,
				24C43FE916A44DCC00055D65 /* TUSafariActivity */,
			);
			path = Libraries;
			sourceTree = "<group>";
		};
		24B3019916F753B7005405CD /* JSSlidingViewController */ = {
			isa = PBXGroup;
			children = (
				24B3019A16F753B7005405CD /* frontViewControllerDropShadow.png */,
				24B3019B16F753B7005405CD /* frontViewControllerDropShadow@2x.png */,
				24B3019C16F753B7005405CD /* JSSlidingViewController.h */,
				24B3019D16F753B7005405CD /* JSSlidingViewController.m */,
			);
			path = JSSlidingViewController;
			sourceTree = "<group>";
		};
		24C43FE916A44DCC00055D65 /* TUSafariActivity */ = {
			isa = PBXGroup;
			children = (
				24C43FEA16A44DCC00055D65 /* TUSafariActivity.strings */,
				24C43FF716A44DCC00055D65 /* Safari.png */,
				24C43FF816A44DCC00055D65 /* Safari@2x.png */,
				24C43FF916A44DCC00055D65 /* Safari@2x~ipad.png */,
				24C43FFA16A44DCC00055D65 /* Safari~ipad.png */,
				24C43FFD16A44DCC00055D65 /* TUSafariActivity.h */,
				24C43FFE16A44DCC00055D65 /* TUSafariActivity.m */,
			);
			path = TUSafariActivity;
			sourceTree = "<group>";
		};
		24DF0C8A171D992B0095491D /* Menu */ = {
			isa = PBXGroup;
			children = (
				24DF0C8B171D99380095491D /* WZMenuViewController.h */,
				24DF0C8C171D99380095491D /* WZMenuViewController.m */,
			);
			name = Menu;
			sourceTree = "<group>";
		};
		24EAA5B01647C56400105FE1 /* API */ = {
			isa = PBXGroup;
			children = (
				24EAA5E31647E19200105FE1 /* WZHackersDataAPI.h */,
				24EAA5E41647E19200105FE1 /* WZHackersDataAPI.m */,
			);
			name = API;
			sourceTree = "<group>";
		};
		24EAA5B21647D52300105FE1 /* Models */ = {
			isa = PBXGroup;
			children = (
				24EAA5D21647DDA600105FE1 /* JSONObject.h */,
				24EAA5D31647DDA600105FE1 /* JSONObject.m */,
				24EAA5C41647DC9C00105FE1 /* _WZComment.h */,
				24EAA5C51647DC9C00105FE1 /* _WZComment.m */,
				24EAA5C61647DC9C00105FE1 /* _WZPost.h */,
				24EAA5C71647DC9C00105FE1 /* _WZPost.m */,
				24B7D8FB164ADA3F00F55B3D /* _WZRead.h */,
				24B7D8FC164ADA3F00F55B3D /* _WZRead.m */,
				24EAA5C81647DC9C00105FE1 /* WZComment.h */,
				24EAA5C91647DC9C00105FE1 /* WZComment.m */,
				24EAA5CA1647DC9C00105FE1 /* WZPost.h */,
				24EAA5CB1647DC9C00105FE1 /* WZPost.m */,
				24B7D8FD164ADA3F00F55B3D /* WZRead.h */,
				24B7D8FE164ADA3F00F55B3D /* WZRead.m */,
				24EAA5F11647F39400105FE1 /* WZHackersData.h */,
				24EAA5F21647F39400105FE1 /* WZHackersData.m */,
				24EAA5B31647D56900105FE1 /* HackersDataModel.xcdatamodeld */,
			);
			name = Models;
			sourceTree = "<group>";
		};
		24EAA5D51647DDD200105FE1 /* Categories */ = {
			isa = PBXGroup;
			children = (
				24EAA5D61647DDF300105FE1 /* NSString+NamingConventions.h */,
				24EAA5D71647DDF300105FE1 /* NSString+NamingConventions.m */,
				24EAA5E01647E02500105FE1 /* NSDictionary+ObjectForKeyOrNil.h */,
				24EAA5E11647E02500105FE1 /* NSDictionary+ObjectForKeyOrNil.m */,
				24B2217716D8DB6100B35EAC /* NSString+AttributedStringForHTML.h */,
				24B2217816D8DB6100B35EAC /* NSString+AttributedStringForHTML.m */,
			);
			name = Categories;
			sourceTree = "<group>";
		};
		24EAA5E61647EBCE00105FE1 /* App */ = {
			isa = PBXGroup;
			children = (
				24972CAE1643BC3C00B4EFB4 /* WZAppDelegate.h */,
				24972CAF1643BC3C00B4EFB4 /* WZAppDelegate.m */,
				24D11C0E16C42681000AE946 /* WZDefaults.h */,
				24D11C0F16C42681000AE946 /* WZDefaults.m */,
				243D1F381732C3F70033BC0F /* WZTheme.h */,
				243D1F391732C3F70033BC0F /* WZTheme.m */,
			);
			name = App;
			sourceTree = "<group>";
		};
/* End PBXGroup section */

/* Begin PBXNativeTarget section */
		24972C981643BC3C00B4EFB4 /* Hackers */ = {
			isa = PBXNativeTarget;
			buildConfigurationList = 24972CBC1643BC3C00B4EFB4 /* Build configuration list for PBXNativeTarget "Hackers" */;
			buildPhases = (
				24972C951643BC3C00B4EFB4 /* Sources */,
				24972C961643BC3C00B4EFB4 /* Frameworks */,
				24972C971643BC3C00B4EFB4 /* Resources */,
				5683DFF2267742068CBCEC9E /* Copy Pods Resources */,
				2475EC5316DE58EB00FEAD45 /* Crashlytics */,
			);
			buildRules = (
			);
			dependencies = (
			);
			name = Hackers;
			productName = Hackers;
			productReference = 24972C991643BC3C00B4EFB4 /* Hackers.app */;
			productType = "com.apple.product-type.application";
		};
/* End PBXNativeTarget section */

/* Begin PBXProject section */
		24972C901643BC3C00B4EFB4 /* Project object */ = {
			isa = PBXProject;
			attributes = {
				CLASSPREFIX = WZ;
				LastUpgradeCheck = 0450;
				ORGANIZATIONNAME = "Weiran Zhang";
			};
			buildConfigurationList = 24972C931643BC3C00B4EFB4 /* Build configuration list for PBXProject "Hackers" */;
			compatibilityVersion = "Xcode 3.2";
			developmentRegion = English;
			hasScannedForEncodings = 0;
			knownRegions = (
				en,
				cs,
				de,
				es,
				eu,
				fr,
				it,
				ja,
				ko,
				nl,
				no,
				ru,
				sk,
				sv,
				vi,
				zh_CN,
			);
			mainGroup = 24972C8E1643BC3C00B4EFB4;
			productRefGroup = 24972C9A1643BC3C00B4EFB4 /* Products */;
			projectDirPath = "";
			projectRoot = "";
			targets = (
				24972C981643BC3C00B4EFB4 /* Hackers */,
			);
		};
/* End PBXProject section */

/* Begin PBXResourcesBuildPhase section */
		24972C971643BC3C00B4EFB4 /* Resources */ = {
			isa = PBXResourcesBuildPhase;
			buildActionMask = 2147483647;
			files = (
				24972CAA1643BC3C00B4EFB4 /* InfoPlist.strings in Resources */,
				24972CC11643C0F000B4EFB4 /* MainStoryboard.storyboard in Resources */,
				2402A75F165120E400F637E5 /* menuicon.png in Resources */,
				2402A760165120E400F637E5 /* menuicon@2x.png in Resources */,
				24AA08FB165187EA00FA9FEC /* greyButton.png in Resources */,
				24AA08FC165187EA00FA9FEC /* greyButton@2x.png in Resources */,
				24AA08FD165187EA00FA9FEC /* greyButtonHighlight.png in Resources */,
				24AA08FE165187EA00FA9FEC /* greyButtonHighlight@2x.png in Resources */,
				24C4400116A44DCC00055D65 /* TUSafariActivity.strings in Resources */,
				24C4400216A44DCC00055D65 /* Safari.png in Resources */,
				24C4400316A44DCC00055D65 /* Safari@2x.png in Resources */,
				24C4400416A44DCC00055D65 /* Safari@2x~ipad.png in Resources */,
				24C4400516A44DCC00055D65 /* Safari~ipad.png in Resources */,
				24D0DB0216B5DB98001342A8 /* navbar-bg@2x.png in Resources */,
				24D0DB0316B5DB98001342A8 /* navbar-bg.png in Resources */,
				24D0DB0616B5DE57001342A8 /* navbar-bg-highlighted.png in Resources */,
				24D0DB0716B5DE57001342A8 /* navbar-bg-highlighted@2x.png in Resources */,
				2434A1AD16BD6DBA00C383CA /* back-arrow.png in Resources */,
				2434A1AE16BD6DBA00C383CA /* back-arrow@2x.png in Resources */,
				2434A1C516BEB48900C383CA /* x.png in Resources */,
				2434A1C616BEB48900C383CA /* x@2x.png in Resources */,
				2434A1EE16C0380B00C383CA /* forward-icon.png in Resources */,
				2434A1EF16C0380B00C383CA /* forward-icon@2x.png in Resources */,
				2434A1F016C0380B00C383CA /* back-icon.png in Resources */,
				2434A1F116C0380B00C383CA /* back-icon@2x.png in Resources */,
				2434A1FB16C0398800C383CA /* refresh-icon.png in Resources */,
				2434A1FC16C0398800C383CA /* refresh-icon@2x.png in Resources */,
				2484385216C11B4F001D2AA0 /* Default-568h@2x.png in Resources */,
				2484385316C11B4F001D2AA0 /* Default.png in Resources */,
				2484385416C11B4F001D2AA0 /* Default@2x.png in Resources */,
				241EA0AA16C54E7F005D802F /* Icon.png in Resources */,
				241EA0AC16C54E86005D802F /* Icon@2x.png in Resources */,
				24DD252E16CBA676005ED6EA /* share-icon.png in Resources */,
				24DD252F16CBA676005ED6EA /* share-icon@2x.png in Resources */,
				24DD253216CBACC2005ED6EA /* mobilizer-icon.png in Resources */,
				24DD253316CBACC2005ED6EA /* mobilizer-icon@2x.png in Resources */,
				24DD253616CBB0A8005ED6EA /* mobilizer-icon-highlighted.png in Resources */,
				24DD253716CBB0A8005ED6EA /* mobilizer-icon-highlighted@2x.png in Resources */,
				24DD254916CBF368005ED6EA /* WZWebView.xib in Resources */,
				24B2216E16D6BB2200B35EAC /* menu-icon.png in Resources */,
				24B2216F16D6BB2200B35EAC /* menu-icon@2x.png in Resources */,
				24B2217D16D91A4800B35EAC /* unread-badge@2x.png in Resources */,
				24B2217E16D91A4800B35EAC /* unread-badge.png in Resources */,
				24B3019E16F753B7005405CD /* frontViewControllerDropShadow.png in Resources */,
				24B3019F16F753B7005405CD /* frontViewControllerDropShadow@2x.png in Resources */,
				24374A18172C16A5007762FC /* NNInstapaperActivity@2x~ipad.png in Resources */,
				24374A19172C16A5007762FC /* NNInstapaperActivity@2x~iphone.png in Resources */,
				24374A1A172C16A5007762FC /* NNInstapaperActivity~ipad.png in Resources */,
				24374A1B172C16A5007762FC /* NNInstapaperActivity~iphone.png in Resources */,
				24374A1C172C16A5007762FC /* NNPocketActivity@2x~ipad.png in Resources */,
				24374A1D172C16A5007762FC /* NNPocketActivity@2x~iphone.png in Resources */,
				24374A1E172C16A5007762FC /* NNPocketActivity~ipad.png in Resources */,
				24374A1F172C16A5007762FC /* NNPocketActivity~iphone.png in Resources */,
				24374A20172C16A5007762FC /* NNReadabilityActivity@2x~ipad.png in Resources */,
				24374A21172C16A5007762FC /* NNReadabilityActivity@2x~iphone.png in Resources */,
				24374A22172C16A5007762FC /* NNReadabilityActivity~ipad.png in Resources */,
				24374A23172C16A5007762FC /* NNReadabilityActivity~iphone.png in Resources */,
				243D1F3C1732CA1C0033BC0F /* InAppSettings.bundle in Resources */,
				243D1F441732D42D0033BC0F /* pinboard-icon~iphone.png in Resources */,
				243D1F451732D42D0033BC0F /* pinboard-icon@2x~iphone.png in Resources */,
				243D1F461732D42D0033BC0F /* pinboard-icon~ipad.png in Resources */,
				243D1F471732D42D0033BC0F /* pinboard-icon@2x~ipad.png in Resources */,
				243D1F4A1732DE850033BC0F /* navbar-bg-dark.png in Resources */,
				243D1F4B1732DE850033BC0F /* navbar-bg-dark@2x.png in Resources */,
			);
			runOnlyForDeploymentPostprocessing = 0;
		};
/* End PBXResourcesBuildPhase section */

/* Begin PBXShellScriptBuildPhase section */
		2475EC5316DE58EB00FEAD45 /* Crashlytics */ = {
			isa = PBXShellScriptBuildPhase;
			buildActionMask = 2147483647;
			files = (
			);
			inputPaths = (
			);
			name = Crashlytics;
			outputPaths = (
			);
			runOnlyForDeploymentPostprocessing = 0;
			shellPath = /bin/sh;
			shellScript = "./Crashlytics.framework/run 6b3b4eba8698666ed08b19d6091a9728deaabab9";
		};
		5683DFF2267742068CBCEC9E /* Copy Pods Resources */ = {
			isa = PBXShellScriptBuildPhase;
			buildActionMask = 2147483647;
			files = (
			);
			inputPaths = (
			);
			name = "Copy Pods Resources";
			outputPaths = (
			);
			runOnlyForDeploymentPostprocessing = 0;
			shellPath = /bin/sh;
			shellScript = "\"${SRCROOT}/Pods/Pods-resources.sh\"\n";
		};
/* End PBXShellScriptBuildPhase section */

/* Begin PBXSourcesBuildPhase section */
		24972C951643BC3C00B4EFB4 /* Sources */ = {
			isa = PBXSourcesBuildPhase;
			buildActionMask = 2147483647;
			files = (
				24972CAC1643BC3C00B4EFB4 /* main.m in Sources */,
				24972CB01643BC3C00B4EFB4 /* WZAppDelegate.m in Sources */,
				24EAA5B51647D56900105FE1 /* HackersDataModel.xcdatamodeld in Sources */,
				24EAA5CC1647DC9C00105FE1 /* _WZComment.m in Sources */,
				24EAA5CD1647DC9C00105FE1 /* _WZPost.m in Sources */,
				24EAA5CE1647DC9C00105FE1 /* WZComment.m in Sources */,
				24EAA5CF1647DC9C00105FE1 /* WZPost.m in Sources */,
				24EAA5D41647DDA600105FE1 /* JSONObject.m in Sources */,
				24EAA5D81647DDF300105FE1 /* NSString+NamingConventions.m in Sources */,
				24EAA5E21647E02500105FE1 /* NSDictionary+ObjectForKeyOrNil.m in Sources */,
				24EAA5E51647E19200105FE1 /* WZHackersDataAPI.m in Sources */,
				24EAA5F01647F25A00105FE1 /* WZMainViewController.m in Sources */,
				24EAA5F31647F39400105FE1 /* WZHackersData.m in Sources */,
				24EAA5F6164807E200105FE1 /* WZPostCell.m in Sources */,
				24B7D8FF164ADA3F00F55B3D /* _WZRead.m in Sources */,
				24B7D900164ADA3F00F55B3D /* WZRead.m in Sources */,
				24B2BF4D164C5BEF00C588F1 /* WZCommentsViewController.m in Sources */,
				24B2BF50164C5C7700C588F1 /* WZCommentCell.m in Sources */,
				2402A6D7164D224100F637E5 /* WZCommentModel.m in Sources */,
				24C4400616A44DCC00055D65 /* TUSafariActivity.m in Sources */,
				2484386116C11E73001D2AA0 /* WZActivityViewController.m in Sources */,
				2484386D16C12664001D2AA0 /* WZPostModel.m in Sources */,
				24D11C1016C42681000AE946 /* WZDefaults.m in Sources */,
				24DD254016CBE920005ED6EA /* WZWebViewController.m in Sources */,
				24B2217916D8DB6100B35EAC /* NSString+AttributedStringForHTML.m in Sources */,
				2475EC6A16DF617500FEAD45 /* WZNavigationController.m in Sources */,
				2463930D16E0AA30005114ED /* WZNotify.m in Sources */,
				24B301A016F753B7005405CD /* JSSlidingViewController.m in Sources */,
				24DF0C8D171D99380095491D /* WZMenuViewController.m in Sources */,
				243749B0172BE942007762FC /* WZSettingsViewController.m in Sources */,
				24374A27172C1A13007762FC /* WZInstapaperActivity.m in Sources */,
				24374A2A172C44B8007762FC /* WZAccountManager.m in Sources */,
				243D1F3A1732C3F70033BC0F /* WZTheme.m in Sources */,
				243D1F3F1732D0940033BC0F /* WZPinboardActivity.m in Sources */,
			);
			runOnlyForDeploymentPostprocessing = 0;
		};
/* End PBXSourcesBuildPhase section */

/* Begin PBXVariantGroup section */
		24972CA81643BC3C00B4EFB4 /* InfoPlist.strings */ = {
			isa = PBXVariantGroup;
			children = (
				24972CA91643BC3C00B4EFB4 /* en */,
			);
			name = InfoPlist.strings;
			sourceTree = "<group>";
		};
		24C43FEA16A44DCC00055D65 /* TUSafariActivity.strings */ = {
			isa = PBXVariantGroup;
			children = (
				24C43FEB16A44DCC00055D65 /* cs */,
				24C43FEC16A44DCC00055D65 /* de */,
				24C43FED16A44DCC00055D65 /* en */,
				24C43FEE16A44DCC00055D65 /* es */,
				24C43FEF16A44DCC00055D65 /* eu */,
				24C43FF016A44DCC00055D65 /* fr */,
				24C43FF116A44DCC00055D65 /* it */,
				24C43FF216A44DCC00055D65 /* ja */,
				24C43FF316A44DCC00055D65 /* ko */,
				24C43FF416A44DCC00055D65 /* nl */,
				24C43FF516A44DCC00055D65 /* no */,
				24C43FF616A44DCC00055D65 /* ru */,
				24C43FFB16A44DCC00055D65 /* sk */,
				24C43FFC16A44DCC00055D65 /* sv */,
				24C43FFF16A44DCC00055D65 /* vi */,
				24C4400016A44DCC00055D65 /* zh_CN */,
			);
			name = TUSafariActivity.strings;
			sourceTree = "<group>";
		};
/* End PBXVariantGroup section */

/* Begin XCBuildConfiguration section */
		24972CBA1643BC3C00B4EFB4 /* Debug */ = {
			isa = XCBuildConfiguration;
			buildSettings = {
				ALWAYS_SEARCH_USER_PATHS = NO;
				CLANG_CXX_LANGUAGE_STANDARD = "gnu++0x";
				CLANG_CXX_LIBRARY = "libc++";
				CLANG_ENABLE_OBJC_ARC = YES;
				CLANG_WARN_EMPTY_BODY = YES;
				CLANG_WARN__DUPLICATE_METHOD_MATCH = YES;
				"CODE_SIGN_IDENTITY[sdk=iphoneos*]" = "iPhone Developer";
				COPY_PHASE_STRIP = NO;
				GCC_C_LANGUAGE_STANDARD = gnu99;
				GCC_DYNAMIC_NO_PIC = NO;
				GCC_OPTIMIZATION_LEVEL = 0;
				GCC_PREPROCESSOR_DEFINITIONS = (
					"DEBUG=1",
					"$(inherited)",
				);
				GCC_SYMBOLS_PRIVATE_EXTERN = NO;
				GCC_WARN_ABOUT_RETURN_TYPE = YES;
				GCC_WARN_UNINITIALIZED_AUTOS = YES;
				GCC_WARN_UNUSED_VARIABLE = YES;
				IPHONEOS_DEPLOYMENT_TARGET = 6.0;
				ONLY_ACTIVE_ARCH = YES;
				SDKROOT = iphoneos;
			};
			name = Debug;
		};
		24972CBB1643BC3C00B4EFB4 /* Release */ = {
			isa = XCBuildConfiguration;
			buildSettings = {
				ALWAYS_SEARCH_USER_PATHS = NO;
				CLANG_CXX_LANGUAGE_STANDARD = "gnu++0x";
				CLANG_CXX_LIBRARY = "libc++";
				CLANG_ENABLE_OBJC_ARC = YES;
				CLANG_WARN_EMPTY_BODY = YES;
				CLANG_WARN__DUPLICATE_METHOD_MATCH = YES;
				"CODE_SIGN_IDENTITY[sdk=iphoneos*]" = "iPhone Developer";
				COPY_PHASE_STRIP = YES;
				GCC_C_LANGUAGE_STANDARD = gnu99;
				GCC_WARN_ABOUT_RETURN_TYPE = YES;
				GCC_WARN_UNINITIALIZED_AUTOS = YES;
				GCC_WARN_UNUSED_VARIABLE = YES;
				IPHONEOS_DEPLOYMENT_TARGET = 6.0;
				OTHER_CFLAGS = "-DNS_BLOCK_ASSERTIONS=1";
				SDKROOT = iphoneos;
				VALIDATE_PRODUCT = YES;
			};
			name = Release;
		};
		24972CBD1643BC3C00B4EFB4 /* Debug */ = {
			isa = XCBuildConfiguration;
			baseConfigurationReference = 0A3F0AC425EC4C248CA0E46A /* Pods.xcconfig */;
			buildSettings = {
				FRAMEWORK_SEARCH_PATHS = (
					"$(inherited)",
					"\"$(SRCROOT)\"",
				);
				GCC_PRECOMPILE_PREFIX_HEADER = YES;
				GCC_PREFIX_HEADER = "Hackers/Hackers-Prefix.pch";
				INFOPLIST_FILE = "Hackers/Hackers-Info.plist";
				IPHONEOS_DEPLOYMENT_TARGET = 6.0;
				PRODUCT_NAME = "$(TARGET_NAME)";
				USER_HEADER_SEARCH_PATHS = "$(PROJECT_DIR)/**";
				WRAPPER_EXTENSION = app;
			};
			name = Debug;
		};
		24972CBE1643BC3C00B4EFB4 /* Release */ = {
			isa = XCBuildConfiguration;
			baseConfigurationReference = 0A3F0AC425EC4C248CA0E46A /* Pods.xcconfig */;
			buildSettings = {
				FRAMEWORK_SEARCH_PATHS = (
					"$(inherited)",
					"\"$(SRCROOT)\"",
				);
				GCC_PRECOMPILE_PREFIX_HEADER = YES;
				GCC_PREFIX_HEADER = "Hackers/Hackers-Prefix.pch";
				INFOPLIST_FILE = "Hackers/Hackers-Info.plist";
				IPHONEOS_DEPLOYMENT_TARGET = 6.0;
				PRODUCT_NAME = "$(TARGET_NAME)";
				USER_HEADER_SEARCH_PATHS = "$(PROJECT_DIR)/**";
				WRAPPER_EXTENSION = app;
			};
			name = Release;
		};
/* End XCBuildConfiguration section */

/* Begin XCConfigurationList section */
		24972C931643BC3C00B4EFB4 /* Build configuration list for PBXProject "Hackers" */ = {
			isa = XCConfigurationList;
			buildConfigurations = (
				24972CBA1643BC3C00B4EFB4 /* Debug */,
				24972CBB1643BC3C00B4EFB4 /* Release */,
			);
			defaultConfigurationIsVisible = 0;
			defaultConfigurationName = Release;
		};
		24972CBC1643BC3C00B4EFB4 /* Build configuration list for PBXNativeTarget "Hackers" */ = {
			isa = XCConfigurationList;
			buildConfigurations = (
				24972CBD1643BC3C00B4EFB4 /* Debug */,
				24972CBE1643BC3C00B4EFB4 /* Release */,
			);
			defaultConfigurationIsVisible = 0;
			defaultConfigurationName = Release;
		};
/* End XCConfigurationList section */

/* Begin XCVersionGroup section */
		24EAA5B31647D56900105FE1 /* HackersDataModel.xcdatamodeld */ = {
			isa = XCVersionGroup;
			children = (
				24B2217A16D8F37400B35EAC /* HackersDataModel 1.1.xcdatamodel */,
				24EAA5B41647D56900105FE1 /* HackersDataModel.xcdatamodel */,
			);
			currentVersion = 24EAA5B41647D56900105FE1 /* HackersDataModel.xcdatamodel */;
			path = HackersDataModel.xcdatamodeld;
			sourceTree = "<group>";
			versionGroupType = wrapper.xcdatamodel;
		};
/* End XCVersionGroup section */
	};
	rootObject = 24972C901643BC3C00B4EFB4 /* Project object */;
}
