// !$*UTF8*$!
{
	archiveVersion = 1;
	classes = {
	};
	objectVersion = 70;
	objects = {

/* Begin PBXBuildFile section */
		20B79255672720AA91988C90 /* NavigationStore.swift in Sources */ = {isa = PBXBuildFile; fileRef = D64C53EE5DA03202EF0AF4CB /* NavigationStore.swift */; };
		2406B37928ACF72F00CB396B /* Drops in Frameworks */ = {isa = PBXBuildFile; productRef = 2406B37828ACF72F00CB396B /* Drops */; };
		2406B37B28ACF8C700CB396B /* UINotifications.swift in Sources */ = {isa = PBXBuildFile; fileRef = 2406B37A28ACF8C700CB396B /* UINotifications.swift */; };
		2406B38728AD083500CB396B /* SwiftSoup in Frameworks */ = {isa = PBXBuildFile; productRef = 2406B38628AD083500CB396B /* SwiftSoup */; };
		2406B38A28AD08CC00CB396B /* WhatsNewKit in Frameworks */ = {isa = PBXBuildFile; productRef = 2406B38928AD08CC00CB396B /* WhatsNewKit */; };
		240C5BE018D267C70011177A /* Icons.xcassets in Resources */ = {isa = PBXBuildFile; fileRef = 240C5BDF18D267C70011177A /* Icons.xcassets */; };
		2419D02324898DF700740184 /* Media.xcassets in Resources */ = {isa = PBXBuildFile; fileRef = 2419D02224898DF700740184 /* Media.xcassets */; };
		2419D02524898DF700740184 /* ActionViewController.swift in Sources */ = {isa = PBXBuildFile; fileRef = 2419D02424898DF700740184 /* ActionViewController.swift */; };
		2419D02824898DF700740184 /* MainInterface.storyboard in Resources */ = {isa = PBXBuildFile; fileRef = 2419D02624898DF700740184 /* MainInterface.storyboard */; };
		2419D038248AB03700740184 /* OpenInViewController.swift in Sources */ = {isa = PBXBuildFile; fileRef = 2419D035248AAFDF00740184 /* OpenInViewController.swift */; };
		243271951F95EDA9008196DB /* StringExtensions.swift in Sources */ = {isa = PBXBuildFile; fileRef = 243271941F95EDA9008196DB /* StringExtensions.swift */; };
		243C182B2780A8370018359D /* CollectionExtensions.swift in Sources */ = {isa = PBXBuildFile; fileRef = 243C182A2780A8370018359D /* CollectionExtensions.swift */; };
		245345EF22466EA8001AF1CE /* HackersUITests.swift in Sources */ = {isa = PBXBuildFile; fileRef = 245345EE22466EA8001AF1CE /* HackersUITests.swift */; };
		245345FB22466F75001AF1CE /* SnapshotHelper.swift in Sources */ = {isa = PBXBuildFile; fileRef = 245345F722466F71001AF1CE /* SnapshotHelper.swift */; };
		2457F04524696EB000F3E7A4 /* HackersKit.swift in Sources */ = {isa = PBXBuildFile; fileRef = 2457F04424696EB000F3E7A4 /* HackersKit.swift */; };
		245DCAB01CD4DA2A00152AA3 /* SFSafariViewControllerExtensions.swift in Sources */ = {isa = PBXBuildFile; fileRef = 245DCAAF1CD4DA2A00152AA3 /* SFSafariViewControllerExtensions.swift */; };
		24628BAD21E6897700BDEEF9 /* AppFont.swift in Sources */ = {isa = PBXBuildFile; fileRef = 24628BAC21E6897700BDEEF9 /* AppFont.swift */; };
		2464D21F209E27FE00C7F8FC /* UserDefaultsExtensions.swift in Sources */ = {isa = PBXBuildFile; fileRef = 2464D21E209E27FE00C7F8FC /* UserDefaultsExtensions.swift */; };
		2477BDE5227D9D8200771FE2 /* SessionService.swift in Sources */ = {isa = PBXBuildFile; fileRef = 2477BDE4227D9D8200771FE2 /* SessionService.swift */; };
		2481BD5B247C0FFB0088CA2B /* Models.swift in Sources */ = {isa = PBXBuildFile; fileRef = 2481BD5A247C0FFB0088CA2B /* Models.swift */; };
		2481BD5D247C10330088CA2B /* HackersKit+PostsList.swift in Sources */ = {isa = PBXBuildFile; fileRef = 2481BD5C247C10330088CA2B /* HackersKit+PostsList.swift */; };
		2481BD5F247C103B0088CA2B /* HackersKit+Post.swift in Sources */ = {isa = PBXBuildFile; fileRef = 2481BD5E247C103B0088CA2B /* HackersKit+Post.swift */; };
		2481BD61247C11AE0088CA2B /* HackersKit+CommentVoting.swift in Sources */ = {isa = PBXBuildFile; fileRef = 2481BD60247C11AE0088CA2B /* HackersKit+CommentVoting.swift */; };
		2481D3912E3BB33D0001A972 /* MailView.swift in Sources */ = {isa = PBXBuildFile; fileRef = 2481D3902E3BB33D0001A972 /* MailView.swift */; };
		2486D7D527FAEBFC007504C6 /* LoginView.swift in Sources */ = {isa = PBXBuildFile; fileRef = 2486D7D427FAEBFC007504C6 /* LoginView.swift */; };
		2486D7D927FB0DC9007504C6 /* SwinjectSwiftUI.swift in Sources */ = {isa = PBXBuildFile; fileRef = 2486D7D827FB0DC9007504C6 /* SwinjectSwiftUI.swift */; };
		24889DF32E3CE7DE0021EC06 /* CommentsController.swift in Sources */ = {isa = PBXBuildFile; fileRef = 24889DF22E3CE7DE0021EC06 /* CommentsController.swift */; };
		24889DFD2E3CE95D0021EC06 /* UIViewExtensions.swift in Sources */ = {isa = PBXBuildFile; fileRef = 24889DFC2E3CE95D0021EC06 /* UIViewExtensions.swift */; };
		24889E072E3CED9B0021EC06 /* AuthenticationDialog.swift in Sources */ = {isa = PBXBuildFile; fileRef = 24889E062E3CED9B0021EC06 /* AuthenticationDialog.swift */; };
		24889E4F2E3CFAC40021EC06 /* NetworkManager.swift in Sources */ = {isa = PBXBuildFile; fileRef = 24889E4D2E3CFAC40021EC06 /* NetworkManager.swift */; };
		249B8F8322A2A48B002A9EC5 /* NotificationToken.swift in Sources */ = {isa = PBXBuildFile; fileRef = 249B8F8222A2A48B002A9EC5 /* NotificationToken.swift */; };
		249B8F8522A2A519002A9EC5 /* NotificationCenterExtensions.swift in Sources */ = {isa = PBXBuildFile; fileRef = 249B8F8422A2A519002A9EC5 /* NotificationCenterExtensions.swift */; };
		24A0C9B228AE3523009A1ED4 /* Swinject in Frameworks */ = {isa = PBXBuildFile; productRef = 24A0C9B128AE3523009A1ED4 /* Swinject */; };
		24B1A6A522B508A40051EAFD /* OnboardingService.swift in Sources */ = {isa = PBXBuildFile; fileRef = 24B1A6A422B508A40051EAFD /* OnboardingService.swift */; };
		24B982DD22BE65E2000D8913 /* SettingsView.swift in Sources */ = {isa = PBXBuildFile; fileRef = 24B982DC22BE65E2000D8913 /* SettingsView.swift */; };
		24B982DF22BE65FF000D8913 /* SettingsStore.swift in Sources */ = {isa = PBXBuildFile; fileRef = 24B982DE22BE65FF000D8913 /* SettingsStore.swift */; };
		24C10C082486DB0700B93F68 /* HtmlParser.swift in Sources */ = {isa = PBXBuildFile; fileRef = 24C10C072486DB0700B93F68 /* HtmlParser.swift */; };
		24CE5FED19434BDC009D2677 /* AppDelegate.swift in Sources */ = {isa = PBXBuildFile; fileRef = 24CE5FEC19434BDC009D2677 /* AppDelegate.swift */; };
		24CEAA9D1F8917D60050DEDF /* ReviewController.swift in Sources */ = {isa = PBXBuildFile; fileRef = 24CEAA9C1F8917D60050DEDF /* ReviewController.swift */; };
		24D1845F24B374780017E4F4 /* FeedViewModel.swift in Sources */ = {isa = PBXBuildFile; fileRef = 24D1845E24B374780017E4F4 /* FeedViewModel.swift */; };
		24D1E48C2D9810B8005F1038 /* HackersActionExtension.appex in Embed Foundation Extensions */ = {isa = PBXBuildFile; fileRef = 2419D02024898DF700740184 /* HackersActionExtension.appex */; settings = {ATTRIBUTES = (RemoveHeadersOnCopy, ); }; };
		24D330CA248BAC4C00A2AA10 /* HackersKit+Authentication.swift in Sources */ = {isa = PBXBuildFile; fileRef = 24D330C9248BAC4C00A2AA10 /* HackersKit+Authentication.swift */; };
		24D6B8CA1C1EDBFC00618422 /* AppTheme.swift in Sources */ = {isa = PBXBuildFile; fileRef = 24D6B8C91C1EDBFC00618422 /* AppTheme.swift */; };
		24E390AA2542D7A9000DA7A8 /* UIViewControllerExtensions.swift in Sources */ = {isa = PBXBuildFile; fileRef = 24E390A92542D7A9000DA7A8 /* UIViewControllerExtensions.swift */; };
		24EF5BF41C393D110012AA8A /* LaunchStoryboard.storyboard in Resources */ = {isa = PBXBuildFile; fileRef = 24EF5BF31C393D110012AA8A /* LaunchStoryboard.storyboard */; };
		24F39F8918AFB1150055F8DC /* Foundation.framework in Frameworks */ = {isa = PBXBuildFile; fileRef = 24F39F8818AFB1150055F8DC /* Foundation.framework */; };
		24F39F8B18AFB1150055F8DC /* CoreGraphics.framework in Frameworks */ = {isa = PBXBuildFile; fileRef = 24F39F8A18AFB1150055F8DC /* CoreGraphics.framework */; };
		24F39F8D18AFB1150055F8DC /* UIKit.framework in Frameworks */ = {isa = PBXBuildFile; fileRef = 24F39F8C18AFB1150055F8DC /* UIKit.framework */; };
		24F39F9B18AFB1150055F8DC /* Images.xcassets in Resources */ = {isa = PBXBuildFile; fileRef = 24F39F9A18AFB1150055F8DC /* Images.xcassets */; };
		24FFFF5A23362C7800D009EF /* HackersKitExtensions.swift in Sources */ = {isa = PBXBuildFile; fileRef = 24FFFF5923362C7800D009EF /* HackersKitExtensions.swift */; };
		5521C77D0F3BC76CD766FA05 /* FeedView.swift in Sources */ = {isa = PBXBuildFile; fileRef = 89FF36346105E44DF11C7C07 /* FeedView.swift */; };
		5F0FA228A57AF829713FA0A3 /* ContentView.swift in Sources */ = {isa = PBXBuildFile; fileRef = 46615BF15AE7EA97C4EB6BBC /* ContentView.swift */; };
		643029C8B133DB1D14A12B69 /* CommentsView.swift in Sources */ = {isa = PBXBuildFile; fileRef = F40E450D9860043A78D92D5A /* CommentsView.swift */; };
		698FE7B523EE5FE300F5828C /* Colors.xcassets in Resources */ = {isa = PBXBuildFile; fileRef = 698FE7B423EE5FE300F5828C /* Colors.xcassets */; };
		76BB2EB6145EC6ADC14245CF /* SceneDelegate.swift in Sources */ = {isa = PBXBuildFile; fileRef = 9ED8CBBB41A194CF7E827B93 /* SceneDelegate.swift */; };
		E37839F7DC2412121CA56D36 /* EmptyStateView.swift in Sources */ = {isa = PBXBuildFile; fileRef = C035637A66121679B942722F /* EmptyStateView.swift */; };
		EAD58D35A67AE9162C2D73A5 /* DraggableCommentsButton.swift in Sources */ = {isa = PBXBuildFile; fileRef = 4743B2D1B73179395C7C79BE /* DraggableCommentsButton.swift */; };
		F9ACBDCE9E043BE81ABF46D7 /* HackersApp.swift in Sources */ = {isa = PBXBuildFile; fileRef = 29EA3148CE5B8AFF3AF111F8 /* HackersApp.swift */; };
/* End PBXBuildFile section */

/* Begin PBXContainerItemProxy section */
		245345F122466EA8001AF1CE /* PBXContainerItemProxy */ = {
			isa = PBXContainerItemProxy;
			containerPortal = 24F39F7D18AFB1150055F8DC /* Project object */;
			proxyType = 1;
			remoteGlobalIDString = 24F39F8418AFB1150055F8DC;
			remoteInfo = Hackers;
		};
		24C03D612E003EB8002B6ED5 /* PBXContainerItemProxy */ = {
			isa = PBXContainerItemProxy;
			containerPortal = 24F39F7D18AFB1150055F8DC /* Project object */;
			proxyType = 1;
			remoteGlobalIDString = 24F39F8418AFB1150055F8DC;
			remoteInfo = Hackers;
		};
		24D1E48A2D981085005F1038 /* PBXContainerItemProxy */ = {
			isa = PBXContainerItemProxy;
			containerPortal = 24F39F7D18AFB1150055F8DC /* Project object */;
			proxyType = 1;
			remoteGlobalIDString = 2419D01F24898DF700740184;
			remoteInfo = HackersActionExtension;
		};
/* End PBXContainerItemProxy section */

/* Begin PBXCopyFilesBuildPhase section */
		24D1E4892D98106C005F1038 /* Embed Foundation Extensions */ = {
			isa = PBXCopyFilesBuildPhase;
			buildActionMask = 2147483647;
			dstPath = "";
			dstSubfolderSpec = 13;
			files = (
				24D1E48C2D9810B8005F1038 /* HackersActionExtension.appex in Embed Foundation Extensions */,
			);
			name = "Embed Foundation Extensions";
			runOnlyForDeploymentPostprocessing = 0;
		};
/* End PBXCopyFilesBuildPhase section */

/* Begin PBXFileReference section */
		2406B37A28ACF8C700CB396B /* UINotifications.swift */ = {isa = PBXFileReference; lastKnownFileType = sourcecode.swift; path = UINotifications.swift; sourceTree = "<group>"; };
		240C5BDF18D267C70011177A /* Icons.xcassets */ = {isa = PBXFileReference; lastKnownFileType = folder.assetcatalog; path = Icons.xcassets; sourceTree = "<group>"; };
		241387A51945A6E100D71220 /* README.md */ = {isa = PBXFileReference; fileEncoding = 4; lastKnownFileType = net.daringfireball.markdown; path = README.md; sourceTree = "<group>"; };
		2419D02024898DF700740184 /* HackersActionExtension.appex */ = {isa = PBXFileReference; explicitFileType = "wrapper.app-extension"; includeInIndex = 0; path = HackersActionExtension.appex; sourceTree = BUILT_PRODUCTS_DIR; };
		2419D02224898DF700740184 /* Media.xcassets */ = {isa = PBXFileReference; lastKnownFileType = folder.assetcatalog; path = Media.xcassets; sourceTree = "<group>"; };
		2419D02424898DF700740184 /* ActionViewController.swift */ = {isa = PBXFileReference; lastKnownFileType = sourcecode.swift; path = ActionViewController.swift; sourceTree = "<group>"; };
		2419D02724898DF700740184 /* Base */ = {isa = PBXFileReference; lastKnownFileType = file.storyboard; name = Base; path = Base.lproj/MainInterface.storyboard; sourceTree = "<group>"; };
		2419D02924898DF700740184 /* Info.plist */ = {isa = PBXFileReference; lastKnownFileType = text.plist.xml; path = Info.plist; sourceTree = "<group>"; };
		2419D035248AAFDF00740184 /* OpenInViewController.swift */ = {isa = PBXFileReference; lastKnownFileType = sourcecode.swift; path = OpenInViewController.swift; sourceTree = "<group>"; };
		241E4036253B103100E3ED18 /* Hackers.entitlements */ = {isa = PBXFileReference; lastKnownFileType = text.plist.entitlements; path = Hackers.entitlements; sourceTree = "<group>"; };
		243271941F95EDA9008196DB /* StringExtensions.swift */ = {isa = PBXFileReference; lastKnownFileType = sourcecode.swift; path = StringExtensions.swift; sourceTree = "<group>"; };
		243C182A2780A8370018359D /* CollectionExtensions.swift */ = {isa = PBXFileReference; lastKnownFileType = sourcecode.swift; path = CollectionExtensions.swift; sourceTree = "<group>"; };
		245345EC22466EA8001AF1CE /* HackersUITests.xctest */ = {isa = PBXFileReference; explicitFileType = wrapper.cfbundle; includeInIndex = 0; path = HackersUITests.xctest; sourceTree = BUILT_PRODUCTS_DIR; };
		245345EE22466EA8001AF1CE /* HackersUITests.swift */ = {isa = PBXFileReference; lastKnownFileType = sourcecode.swift; path = HackersUITests.swift; sourceTree = "<group>"; };
		245345F022466EA8001AF1CE /* Info.plist */ = {isa = PBXFileReference; lastKnownFileType = text.plist.xml; path = Info.plist; sourceTree = "<group>"; };
		245345F722466F71001AF1CE /* SnapshotHelper.swift */ = {isa = PBXFileReference; fileEncoding = 4; lastKnownFileType = sourcecode.swift; path = SnapshotHelper.swift; sourceTree = "<group>"; };
		245345F822466F71001AF1CE /* Snapfile */ = {isa = PBXFileReference; fileEncoding = 4; lastKnownFileType = text; path = Snapfile; sourceTree = "<group>"; };
		245345FC2246732C001AF1CE /* Fastfile */ = {isa = PBXFileReference; fileEncoding = 4; lastKnownFileType = text; path = Fastfile; sourceTree = "<group>"; };
		245345FD2246732C001AF1CE /* Appfile */ = {isa = PBXFileReference; fileEncoding = 4; lastKnownFileType = text; path = Appfile; sourceTree = "<group>"; };
		2457F04424696EB000F3E7A4 /* HackersKit.swift */ = {isa = PBXFileReference; lastKnownFileType = sourcecode.swift; path = HackersKit.swift; sourceTree = "<group>"; };
		245DCAAF1CD4DA2A00152AA3 /* SFSafariViewControllerExtensions.swift */ = {isa = PBXFileReference; fileEncoding = 4; lastKnownFileType = sourcecode.swift; path = SFSafariViewControllerExtensions.swift; sourceTree = "<group>"; };
		24628BAC21E6897700BDEEF9 /* AppFont.swift */ = {isa = PBXFileReference; fileEncoding = 4; lastKnownFileType = sourcecode.swift; path = AppFont.swift; sourceTree = "<group>"; };
		2464D21E209E27FE00C7F8FC /* UserDefaultsExtensions.swift */ = {isa = PBXFileReference; lastKnownFileType = sourcecode.swift; path = UserDefaultsExtensions.swift; sourceTree = "<group>"; };
		2477BDE4227D9D8200771FE2 /* SessionService.swift */ = {isa = PBXFileReference; lastKnownFileType = sourcecode.swift; path = SessionService.swift; sourceTree = "<group>"; };
		2481BD5A247C0FFB0088CA2B /* Models.swift */ = {isa = PBXFileReference; lastKnownFileType = sourcecode.swift; path = Models.swift; sourceTree = "<group>"; };
		2481BD5C247C10330088CA2B /* HackersKit+PostsList.swift */ = {isa = PBXFileReference; lastKnownFileType = sourcecode.swift; path = "HackersKit+PostsList.swift"; sourceTree = "<group>"; };
		2481BD5E247C103B0088CA2B /* HackersKit+Post.swift */ = {isa = PBXFileReference; lastKnownFileType = sourcecode.swift; path = "HackersKit+Post.swift"; sourceTree = "<group>"; };
		2481BD60247C11AE0088CA2B /* HackersKit+CommentVoting.swift */ = {isa = PBXFileReference; lastKnownFileType = sourcecode.swift; path = "HackersKit+CommentVoting.swift"; sourceTree = "<group>"; };
		2481D3902E3BB33D0001A972 /* MailView.swift */ = {isa = PBXFileReference; lastKnownFileType = sourcecode.swift; path = MailView.swift; sourceTree = "<group>"; };
		2486D7D427FAEBFC007504C6 /* LoginView.swift */ = {isa = PBXFileReference; lastKnownFileType = sourcecode.swift; path = LoginView.swift; sourceTree = "<group>"; };
		2486D7D827FB0DC9007504C6 /* SwinjectSwiftUI.swift */ = {isa = PBXFileReference; lastKnownFileType = sourcecode.swift; path = SwinjectSwiftUI.swift; sourceTree = "<group>"; };
		24889DF22E3CE7DE0021EC06 /* CommentsController.swift */ = {isa = PBXFileReference; lastKnownFileType = sourcecode.swift; path = CommentsController.swift; sourceTree = "<group>"; };
		24889DFC2E3CE95D0021EC06 /* UIViewExtensions.swift */ = {isa = PBXFileReference; lastKnownFileType = sourcecode.swift; path = UIViewExtensions.swift; sourceTree = "<group>"; };
		24889E062E3CED9B0021EC06 /* AuthenticationDialog.swift */ = {isa = PBXFileReference; lastKnownFileType = sourcecode.swift; path = AuthenticationDialog.swift; sourceTree = "<group>"; };
		24889E4D2E3CFAC40021EC06 /* NetworkManager.swift */ = {isa = PBXFileReference; lastKnownFileType = sourcecode.swift; path = NetworkManager.swift; sourceTree = "<group>"; };
		249B8F8222A2A48B002A9EC5 /* NotificationToken.swift */ = {isa = PBXFileReference; lastKnownFileType = sourcecode.swift; path = NotificationToken.swift; sourceTree = "<group>"; };
		249B8F8422A2A519002A9EC5 /* NotificationCenterExtensions.swift */ = {isa = PBXFileReference; lastKnownFileType = sourcecode.swift; path = NotificationCenterExtensions.swift; sourceTree = "<group>"; };
		24B1A6A422B508A40051EAFD /* OnboardingService.swift */ = {isa = PBXFileReference; lastKnownFileType = sourcecode.swift; path = OnboardingService.swift; sourceTree = "<group>"; };
		24B982DC22BE65E2000D8913 /* SettingsView.swift */ = {isa = PBXFileReference; lastKnownFileType = sourcecode.swift; path = SettingsView.swift; sourceTree = "<group>"; };
		24B982DE22BE65FF000D8913 /* SettingsStore.swift */ = {isa = PBXFileReference; lastKnownFileType = sourcecode.swift; path = SettingsStore.swift; sourceTree = "<group>"; };
		24C03D5D2E003EB8002B6ED5 /* HackersTests.xctest */ = {isa = PBXFileReference; explicitFileType = wrapper.cfbundle; includeInIndex = 0; path = HackersTests.xctest; sourceTree = BUILT_PRODUCTS_DIR; };
		24C10C072486DB0700B93F68 /* HtmlParser.swift */ = {isa = PBXFileReference; lastKnownFileType = sourcecode.swift; path = HtmlParser.swift; sourceTree = "<group>"; };
		24CE5FEC19434BDC009D2677 /* AppDelegate.swift */ = {isa = PBXFileReference; fileEncoding = 4; lastKnownFileType = sourcecode.swift; path = AppDelegate.swift; sourceTree = "<group>"; };
		24CEAA9C1F8917D60050DEDF /* ReviewController.swift */ = {isa = PBXFileReference; lastKnownFileType = sourcecode.swift; path = ReviewController.swift; sourceTree = "<group>"; };
		24D1845E24B374780017E4F4 /* FeedViewModel.swift */ = {isa = PBXFileReference; lastKnownFileType = sourcecode.swift; path = FeedViewModel.swift; sourceTree = "<group>"; };
		24D330C9248BAC4C00A2AA10 /* HackersKit+Authentication.swift */ = {isa = PBXFileReference; lastKnownFileType = sourcecode.swift; path = "HackersKit+Authentication.swift"; sourceTree = "<group>"; };
		24D6B8C91C1EDBFC00618422 /* AppTheme.swift */ = {isa = PBXFileReference; fileEncoding = 4; lastKnownFileType = sourcecode.swift; path = AppTheme.swift; sourceTree = "<group>"; };
		24E390A92542D7A9000DA7A8 /* UIViewControllerExtensions.swift */ = {isa = PBXFileReference; lastKnownFileType = sourcecode.swift; path = UIViewControllerExtensions.swift; sourceTree = "<group>"; };
		24EF5BF31C393D110012AA8A /* LaunchStoryboard.storyboard */ = {isa = PBXFileReference; fileEncoding = 4; lastKnownFileType = file.storyboard; path = LaunchStoryboard.storyboard; sourceTree = "<group>"; };
		24F39F8518AFB1150055F8DC /* Hackers.app */ = {isa = PBXFileReference; explicitFileType = wrapper.application; includeInIndex = 0; path = Hackers.app; sourceTree = BUILT_PRODUCTS_DIR; };
		24F39F8818AFB1150055F8DC /* Foundation.framework */ = {isa = PBXFileReference; lastKnownFileType = wrapper.framework; name = Foundation.framework; path = System/Library/Frameworks/Foundation.framework; sourceTree = SDKROOT; };
		24F39F8A18AFB1150055F8DC /* CoreGraphics.framework */ = {isa = PBXFileReference; lastKnownFileType = wrapper.framework; name = CoreGraphics.framework; path = System/Library/Frameworks/CoreGraphics.framework; sourceTree = SDKROOT; };
		24F39F8C18AFB1150055F8DC /* UIKit.framework */ = {isa = PBXFileReference; lastKnownFileType = wrapper.framework; name = UIKit.framework; path = System/Library/Frameworks/UIKit.framework; sourceTree = SDKROOT; };
		24F39F9018AFB1150055F8DC /* Hackers-Info.plist */ = {isa = PBXFileReference; lastKnownFileType = text.plist.xml; path = "Hackers-Info.plist"; sourceTree = "<group>"; };
		24F39F9A18AFB1150055F8DC /* Images.xcassets */ = {isa = PBXFileReference; lastKnownFileType = folder.assetcatalog; path = Images.xcassets; sourceTree = "<group>"; };
		24F644FD24951D6400869504 /* Scanfile */ = {isa = PBXFileReference; fileEncoding = 4; lastKnownFileType = text; path = Scanfile; sourceTree = "<group>"; };
		24FFFF5923362C7800D009EF /* HackersKitExtensions.swift */ = {isa = PBXFileReference; lastKnownFileType = sourcecode.swift; path = HackersKitExtensions.swift; sourceTree = "<group>"; };
		29EA3148CE5B8AFF3AF111F8 /* HackersApp.swift */ = {isa = PBXFileReference; includeInIndex = 1; lastKnownFileType = sourcecode.swift; name = HackersApp.swift; path = App/HackersApp.swift; sourceTree = SOURCE_ROOT; };
		46615BF15AE7EA97C4EB6BBC /* ContentView.swift */ = {isa = PBXFileReference; includeInIndex = 1; lastKnownFileType = sourcecode.swift; name = ContentView.swift; path = SwiftUI/ContentView.swift; sourceTree = "<group>"; };
		4743B2D1B73179395C7C79BE /* DraggableCommentsButton.swift */ = {isa = PBXFileReference; lastKnownFileType = sourcecode.swift; path = DraggableCommentsButton.swift; sourceTree = "<group>"; };
		698FE7B423EE5FE300F5828C /* Colors.xcassets */ = {isa = PBXFileReference; lastKnownFileType = folder.assetcatalog; path = Colors.xcassets; sourceTree = "<group>"; };
		89FF36346105E44DF11C7C07 /* FeedView.swift */ = {isa = PBXFileReference; includeInIndex = 1; lastKnownFileType = sourcecode.swift; name = FeedView.swift; path = SwiftUI/FeedView.swift; sourceTree = "<group>"; };
		9ED8CBBB41A194CF7E827B93 /* SceneDelegate.swift */ = {isa = PBXFileReference; includeInIndex = 1; lastKnownFileType = sourcecode.swift; name = SceneDelegate.swift; path = App/SceneDelegate.swift; sourceTree = SOURCE_ROOT; };
		C035637A66121679B942722F /* EmptyStateView.swift */ = {isa = PBXFileReference; includeInIndex = 1; lastKnownFileType = sourcecode.swift; name = EmptyStateView.swift; path = SwiftUI/EmptyStateView.swift; sourceTree = "<group>"; };
		D64C53EE5DA03202EF0AF4CB /* NavigationStore.swift */ = {isa = PBXFileReference; includeInIndex = 1; lastKnownFileType = sourcecode.swift; name = NavigationStore.swift; path = SwiftUI/NavigationStore.swift; sourceTree = "<group>"; };
		F40E450D9860043A78D92D5A /* CommentsView.swift */ = {isa = PBXFileReference; includeInIndex = 1; lastKnownFileType = sourcecode.swift; name = CommentsView.swift; path = SwiftUI/CommentsView.swift; sourceTree = "<group>"; };
/* End PBXFileReference section */

/* Begin PBXFileSystemSynchronizedRootGroup section */
		24C03D5E2E003EB8002B6ED5 /* HackersTests */ = {isa = PBXFileSystemSynchronizedRootGroup; explicitFileTypes = {}; explicitFolders = (); path = HackersTests; sourceTree = "<group>"; };
/* End PBXFileSystemSynchronizedRootGroup section */

/* Begin PBXFrameworksBuildPhase section */
		2419D01D24898DF700740184 /* Frameworks */ = {
			isa = PBXFrameworksBuildPhase;
			buildActionMask = 2147483647;
			files = (
			);
			runOnlyForDeploymentPostprocessing = 0;
		};
		245345E922466EA8001AF1CE /* Frameworks */ = {
			isa = PBXFrameworksBuildPhase;
			buildActionMask = 2147483647;
			files = (
			);
			runOnlyForDeploymentPostprocessing = 0;
		};
		24C03D5A2E003EB8002B6ED5 /* Frameworks */ = {
			isa = PBXFrameworksBuildPhase;
			buildActionMask = 2147483647;
			files = (
			);
			runOnlyForDeploymentPostprocessing = 0;
		};
		24F39F8218AFB1150055F8DC /* Frameworks */ = {
			isa = PBXFrameworksBuildPhase;
			buildActionMask = 2147483647;
			files = (
				24F39F8B18AFB1150055F8DC /* CoreGraphics.framework in Frameworks */,
				2406B38A28AD08CC00CB396B /* WhatsNewKit in Frameworks */,
				24F39F8D18AFB1150055F8DC /* UIKit.framework in Frameworks */,
				24F39F8918AFB1150055F8DC /* Foundation.framework in Frameworks */,
				24A0C9B228AE3523009A1ED4 /* Swinject in Frameworks */,
				2406B37928ACF72F00CB396B /* Drops in Frameworks */,
				2406B38728AD083500CB396B /* SwiftSoup in Frameworks */,
			);
			runOnlyForDeploymentPostprocessing = 0;
		};
/* End PBXFrameworksBuildPhase section */

/* Begin PBXGroup section */
		2419D02124898DF700740184 /* HackersActionExtension */ = {
			isa = PBXGroup;
			children = (
				2419D02224898DF700740184 /* Media.xcassets */,
				2419D02424898DF700740184 /* ActionViewController.swift */,
				2419D02624898DF700740184 /* MainInterface.storyboard */,
				2419D02924898DF700740184 /* Info.plist */,
			);
			path = HackersActionExtension;
			sourceTree = "<group>";
		};
		2419D032248AAED500740184 /* Extensions */ = {
			isa = PBXGroup;
			children = (
				2419D035248AAFDF00740184 /* OpenInViewController.swift */,
				2419D02124898DF700740184 /* HackersActionExtension */,
			);
			path = Extensions;
			sourceTree = "<group>";
		};
		241C32DB24950AB3000876DC /* Tests */ = {
			isa = PBXGroup;
			children = (
				245345ED22466EA8001AF1CE /* HackersUITests */,
				24C03D5E2E003EB8002B6ED5 /* HackersTests */,
			);
			path = Tests;
			sourceTree = "<group>";
		};
		241C32DC24950AF3000876DC /* Shared Frameworks */ = {
			isa = PBXGroup;
			children = (
				2457F04324696E9400F3E7A4 /* HackersKit */,
			);
			path = "Shared Frameworks";
			sourceTree = "<group>";
		};
		245345ED22466EA8001AF1CE /* HackersUITests */ = {
			isa = PBXGroup;
			children = (
				245345EE22466EA8001AF1CE /* HackersUITests.swift */,
				245345F022466EA8001AF1CE /* Info.plist */,
			);
			path = HackersUITests;
			sourceTree = "<group>";
		};
		245345F622466F71001AF1CE /* fastlane */ = {
			isa = PBXGroup;
			children = (
				245345FD2246732C001AF1CE /* Appfile */,
				245345FC2246732C001AF1CE /* Fastfile */,
				24F644FD24951D6400869504 /* Scanfile */,
				245345F822466F71001AF1CE /* Snapfile */,
				245345F722466F71001AF1CE /* SnapshotHelper.swift */,
			);
			path = fastlane;
			sourceTree = "<group>";
		};
		2457F04324696E9400F3E7A4 /* HackersKit */ = {
			isa = PBXGroup;
			children = (
				24D330CB248BBD1A00A2AA10 /* Models */,
				2457F04424696EB000F3E7A4 /* HackersKit.swift */,
				2481BD5C247C10330088CA2B /* HackersKit+PostsList.swift */,
				2481BD5E247C103B0088CA2B /* HackersKit+Post.swift */,
				2481BD60247C11AE0088CA2B /* HackersKit+CommentVoting.swift */,
				24D330C9248BAC4C00A2AA10 /* HackersKit+Authentication.swift */,
				24C10C072486DB0700B93F68 /* HtmlParser.swift */,
				24889E4D2E3CFAC40021EC06 /* NetworkManager.swift */,
			);
			path = HackersKit;
			sourceTree = "<group>";
		};
		2464D200209DD06A00C7F8FC /* Themes */ = {
			isa = PBXGroup;
			children = (
				24D6B8C91C1EDBFC00618422 /* AppTheme.swift */,
				24628BAC21E6897700BDEEF9 /* AppFont.swift */,
			);
			path = Themes;
			sourceTree = "<group>";
		};
		2464D209209DD8AE00C7F8FC /* Extensions */ = {
			isa = PBXGroup;
			children = (
				2486D7D827FB0DC9007504C6 /* SwinjectSwiftUI.swift */,
				243271941F95EDA9008196DB /* StringExtensions.swift */,
				245DCAAF1CD4DA2A00152AA3 /* SFSafariViewControllerExtensions.swift */,
				249B8F8422A2A519002A9EC5 /* NotificationCenterExtensions.swift */,
				24FFFF5923362C7800D009EF /* HackersKitExtensions.swift */,
				24E390A92542D7A9000DA7A8 /* UIViewControllerExtensions.swift */,
				24889DFC2E3CE95D0021EC06 /* UIViewExtensions.swift */,
				243C182A2780A8370018359D /* CollectionExtensions.swift */,
			);
			path = Extensions;
			sourceTree = "<group>";
		};
		2464D219209E1F8A00C7F8FC /* Settings */ = {
			isa = PBXGroup;
			children = (
				24B982DB22BE6575000D8913 /* Settings-SwiftUI */,
				2464D21E209E27FE00C7F8FC /* UserDefaultsExtensions.swift */,
				2486D7D427FAEBFC007504C6 /* LoginView.swift */,
			);
			path = Settings;
			sourceTree = "<group>";
		};
		249B8F8122A2A474002A9EC5 /* Shared */ = {
			isa = PBXGroup;
			children = (
				249B8F8222A2A48B002A9EC5 /* NotificationToken.swift */,
				24CEAA9C1F8917D60050DEDF /* ReviewController.swift */,
				4743B2D1B73179395C7C79BE /* DraggableCommentsButton.swift */,
				2406B37A28ACF8C700CB396B /* UINotifications.swift */,
			);
			path = Shared;
			sourceTree = "<group>";
		};
		24B982DB22BE6575000D8913 /* Settings-SwiftUI */ = {
			isa = PBXGroup;
			children = (
				2481D3902E3BB33D0001A972 /* MailView.swift */,
				24B982DC22BE65E2000D8913 /* SettingsView.swift */,
				24B982DE22BE65FF000D8913 /* SettingsStore.swift */,
			);
			path = "Settings-SwiftUI";
			sourceTree = "<group>";
		};
		24CE5FEE19434DC0009D2677 /* Feed */ = {
			isa = PBXGroup;
			children = (
				24D1845E24B374780017E4F4 /* FeedViewModel.swift */,
			);
			path = Feed;
			sourceTree = "<group>";
		};
		24CE5FEF19434DCB009D2677 /* Comments */ = {
			isa = PBXGroup;
			children = (
				24889DF22E3CE7DE0021EC06 /* CommentsController.swift */,
			);
			path = Comments;
			sourceTree = "<group>";
		};
		24CE5FF119434E0B009D2677 /* Assets */ = {
			isa = PBXGroup;
			children = (
				698FE7B423EE5FE300F5828C /* Colors.xcassets */,
				24F39F9A18AFB1150055F8DC /* Images.xcassets */,
				240C5BDF18D267C70011177A /* Icons.xcassets */,
			);
			path = Assets;
			sourceTree = "<group>";
		};
		24D330CB248BBD1A00A2AA10 /* Models */ = {
			isa = PBXGroup;
			children = (
				2481BD5A247C0FFB0088CA2B /* Models.swift */,
			);
			path = Models;
			sourceTree = "<group>";
		};
		24F39F7C18AFB1150055F8DC = {
			isa = PBXGroup;
			children = (
				24F39F8E18AFB1150055F8DC /* App */,
				24CE5FF119434E0B009D2677 /* Assets */,
				241C32DB24950AB3000876DC /* Tests */,
				2419D032248AAED500740184 /* Extensions */,
				241C32DC24950AF3000876DC /* Shared Frameworks */,
				24F39F8718AFB1150055F8DC /* Frameworks */,
				24F39F8618AFB1150055F8DC /* Products */,
				241387A51945A6E100D71220 /* README.md */,
				245345F622466F71001AF1CE /* fastlane */,
				29EA3148CE5B8AFF3AF111F8 /* HackersApp.swift */,
				9ED8CBBB41A194CF7E827B93 /* SceneDelegate.swift */,
			);
			sourceTree = "<group>";
		};
		24F39F8618AFB1150055F8DC /* Products */ = {
			isa = PBXGroup;
			children = (
				24F39F8518AFB1150055F8DC /* Hackers.app */,
				245345EC22466EA8001AF1CE /* HackersUITests.xctest */,
				2419D02024898DF700740184 /* HackersActionExtension.appex */,
				24C03D5D2E003EB8002B6ED5 /* HackersTests.xctest */,
			);
			name = Products;
			sourceTree = "<group>";
		};
		24F39F8718AFB1150055F8DC /* Frameworks */ = {
			isa = PBXGroup;
			children = (
				24F39F8818AFB1150055F8DC /* Foundation.framework */,
				24F39F8A18AFB1150055F8DC /* CoreGraphics.framework */,
				24F39F8C18AFB1150055F8DC /* UIKit.framework */,
			);
			name = Frameworks;
			sourceTree = "<group>";
		};
		24F39F8E18AFB1150055F8DC /* App */ = {
			isa = PBXGroup;
			children = (
				24CE5FEC19434BDC009D2677 /* AppDelegate.swift */,
				24EF5BF31C393D110012AA8A /* LaunchStoryboard.storyboard */,
				24CE5FEE19434DC0009D2677 /* Feed */,
				24CE5FEF19434DCB009D2677 /* Comments */,
				2464D219209E1F8A00C7F8FC /* Settings */,
				24FF0219226C99B1002EF8DD /* Services */,
				2464D200209DD06A00C7F8FC /* Themes */,
				2464D209209DD8AE00C7F8FC /* Extensions */,
				249B8F8122A2A474002A9EC5 /* Shared */,
				24F39F8F18AFB1150055F8DC /* Supporting Files */,
				ABD9A18B67FB6E883477C2C5 /* SwiftUI */,
			);
			path = App;
			sourceTree = "<group>";
		};
		24F39F8F18AFB1150055F8DC /* Supporting Files */ = {
			isa = PBXGroup;
			children = (
				24F39F9018AFB1150055F8DC /* Hackers-Info.plist */,
				241E4036253B103100E3ED18 /* Hackers.entitlements */,
			);
			path = "Supporting Files";
			sourceTree = "<group>";
		};
		24FF0219226C99B1002EF8DD /* Services */ = {
			isa = PBXGroup;
			children = (
				2477BDE4227D9D8200771FE2 /* SessionService.swift */,
				24B1A6A422B508A40051EAFD /* OnboardingService.swift */,
			);
			path = Services;
			sourceTree = "<group>";
		};
		ABD9A18B67FB6E883477C2C5 /* SwiftUI */ = {
			isa = PBXGroup;
			children = (
				24889E062E3CED9B0021EC06 /* AuthenticationDialog.swift */,
				F40E450D9860043A78D92D5A /* CommentsView.swift */,
				46615BF15AE7EA97C4EB6BBC /* ContentView.swift */,
				C035637A66121679B942722F /* EmptyStateView.swift */,
				89FF36346105E44DF11C7C07 /* FeedView.swift */,
				D64C53EE5DA03202EF0AF4CB /* NavigationStore.swift */,
			);
			name = SwiftUI;
			sourceTree = "<group>";
		};
/* End PBXGroup section */

/* Begin PBXNativeTarget section */
		2419D01F24898DF700740184 /* HackersActionExtension */ = {
			isa = PBXNativeTarget;
			buildConfigurationList = 2419D02F24898DF700740184 /* Build configuration list for PBXNativeTarget "HackersActionExtension" */;
			buildPhases = (
				2419D01C24898DF700740184 /* Sources */,
				2419D01D24898DF700740184 /* Frameworks */,
				2419D01E24898DF700740184 /* Resources */,
			);
			buildRules = (
			);
			dependencies = (
			);
			name = HackersActionExtension;
			productName = HackersActionExtension;
			productReference = 2419D02024898DF700740184 /* HackersActionExtension.appex */;
			productType = "com.apple.product-type.app-extension";
		};
		245345EB22466EA8001AF1CE /* HackersUITests */ = {
			isa = PBXNativeTarget;
			buildConfigurationList = 245345F522466EA8001AF1CE /* Build configuration list for PBXNativeTarget "HackersUITests" */;
			buildPhases = (
				245345E822466EA8001AF1CE /* Sources */,
				245345E922466EA8001AF1CE /* Frameworks */,
				245345EA22466EA8001AF1CE /* Resources */,
			);
			buildRules = (
			);
			dependencies = (
				245345F222466EA8001AF1CE /* PBXTargetDependency */,
			);
			name = HackersUITests;
			packageProductDependencies = (
			);
			productName = HackersUITests;
			productReference = 245345EC22466EA8001AF1CE /* HackersUITests.xctest */;
			productType = "com.apple.product-type.bundle.ui-testing";
		};
		24C03D5C2E003EB8002B6ED5 /* HackersTests */ = {
			isa = PBXNativeTarget;
			buildConfigurationList = 24C03D652E003EB9002B6ED5 /* Build configuration list for PBXNativeTarget "HackersTests" */;
			buildPhases = (
				24C03D592E003EB8002B6ED5 /* Sources */,
				24C03D5A2E003EB8002B6ED5 /* Frameworks */,
				24C03D5B2E003EB8002B6ED5 /* Resources */,
			);
			buildRules = (
			);
			dependencies = (
				24C03D622E003EB8002B6ED5 /* PBXTargetDependency */,
			);
			fileSystemSynchronizedGroups = (
				24C03D5E2E003EB8002B6ED5 /* HackersTests */,
			);
			name = HackersTests;
			productName = HackersTests;
			productReference = 24C03D5D2E003EB8002B6ED5 /* HackersTests.xctest */;
			productType = "com.apple.product-type.bundle.unit-test";
		};
		24F39F8418AFB1150055F8DC /* Hackers */ = {
			isa = PBXNativeTarget;
			buildConfigurationList = 24F39FB118AFB1150055F8DC /* Build configuration list for PBXNativeTarget "Hackers" */;
			buildPhases = (
				24F39F8118AFB1150055F8DC /* Sources */,
				24F39F8218AFB1150055F8DC /* Frameworks */,
				24F39F8318AFB1150055F8DC /* Resources */,
				244DE6BB1E599EB6005B441E /* TODO as Warnings */,
				249B8F8022A29B2E002A9EC5 /* Run Script */,
				24D1E4892D98106C005F1038 /* Embed Foundation Extensions */,
			);
			buildRules = (
			);
			dependencies = (
				24D1E48B2D981085005F1038 /* PBXTargetDependency */,
			);
			name = Hackers;
			packageProductDependencies = (
				2406B37828ACF72F00CB396B /* Drops */,
				2406B38628AD083500CB396B /* SwiftSoup */,
				2406B38928AD08CC00CB396B /* WhatsNewKit */,
				24A0C9B128AE3523009A1ED4 /* Swinject */,
			);
			productName = Hackers2;
			productReference = 24F39F8518AFB1150055F8DC /* Hackers.app */;
			productType = "com.apple.product-type.application";
		};
/* End PBXNativeTarget section */

/* Begin PBXProject section */
		24F39F7D18AFB1150055F8DC /* Project object */ = {
			isa = PBXProject;
			attributes = {
				BuildIndependentTargetsInParallel = YES;
				CLASSPREFIX = GU;
				LastSwiftUpdateCheck = 2600;
				LastUpgradeCheck = 2600;
				ORGANIZATIONNAME = "Glass Umbrella";
				TargetAttributes = {
					2419D01F24898DF700740184 = {
						CreatedOnToolsVersion = 11.5;
					};
					245345EB22466EA8001AF1CE = {
						CreatedOnToolsVersion = 10.1;
						LastSwiftMigration = 1020;
						TestTargetID = 24F39F8418AFB1150055F8DC;
					};
					24C03D5C2E003EB8002B6ED5 = {
						CreatedOnToolsVersion = 26.0;
						TestTargetID = 24F39F8418AFB1150055F8DC;
					};
					24F39F8418AFB1150055F8DC = {
						LastSwiftMigration = 1020;
					};
				};
			};
			buildConfigurationList = 24F39F8018AFB1150055F8DC /* Build configuration list for PBXProject "Hackers" */;
			compatibilityVersion = "Xcode 3.2";
			developmentRegion = en;
			hasScannedForEncodings = 0;
			knownRegions = (
				en,
				Base,
			);
			mainGroup = 24F39F7C18AFB1150055F8DC;
			packageReferences = (
				2406B37728ACF72F00CB396B /* XCRemoteSwiftPackageReference "Drops" */,
				2406B38528AD083500CB396B /* XCRemoteSwiftPackageReference "SwiftSoup" */,
				2406B38828AD08CC00CB396B /* XCRemoteSwiftPackageReference "WhatsNewKit" */,
				24A0C9B028AE3523009A1ED4 /* XCRemoteSwiftPackageReference "Swinject" */,
			);
			productRefGroup = 24F39F8618AFB1150055F8DC /* Products */;
			projectDirPath = "";
			projectRoot = "";
			targets = (
				24F39F8418AFB1150055F8DC /* Hackers */,
				245345EB22466EA8001AF1CE /* HackersUITests */,
				2419D01F24898DF700740184 /* HackersActionExtension */,
				24C03D5C2E003EB8002B6ED5 /* HackersTests */,
			);
		};
/* End PBXProject section */

/* Begin PBXResourcesBuildPhase section */
		2419D01E24898DF700740184 /* Resources */ = {
			isa = PBXResourcesBuildPhase;
			buildActionMask = 2147483647;
			files = (
				2419D02324898DF700740184 /* Media.xcassets in Resources */,
				2419D02824898DF700740184 /* MainInterface.storyboard in Resources */,
			);
			runOnlyForDeploymentPostprocessing = 0;
		};
		245345EA22466EA8001AF1CE /* Resources */ = {
			isa = PBXResourcesBuildPhase;
			buildActionMask = 2147483647;
			files = (
			);
			runOnlyForDeploymentPostprocessing = 0;
		};
		24C03D5B2E003EB8002B6ED5 /* Resources */ = {
			isa = PBXResourcesBuildPhase;
			buildActionMask = 2147483647;
			files = (
			);
			runOnlyForDeploymentPostprocessing = 0;
		};
		24F39F8318AFB1150055F8DC /* Resources */ = {
			isa = PBXResourcesBuildPhase;
			buildActionMask = 2147483647;
			files = (
				24F39F9B18AFB1150055F8DC /* Images.xcassets in Resources */,
				240C5BE018D267C70011177A /* Icons.xcassets in Resources */,
				698FE7B523EE5FE300F5828C /* Colors.xcassets in Resources */,
				24EF5BF41C393D110012AA8A /* LaunchStoryboard.storyboard in Resources */,
			);
			runOnlyForDeploymentPostprocessing = 0;
		};
/* End PBXResourcesBuildPhase section */

/* Begin PBXShellScriptBuildPhase section */
		244DE6BB1E599EB6005B441E /* TODO as Warnings */ = {
			isa = PBXShellScriptBuildPhase;
			buildActionMask = 8;
			files = (
			);
			inputPaths = (
			);
			name = "TODO as Warnings";
			outputPaths = (
			);
			runOnlyForDeploymentPostprocessing = 1;
			shellPath = /bin/sh;
			shellScript = "KEYWORDS=\"TODO:|FIXME:|\\?\\?\\?:|\\!\\!\\!:\"\nfind \".\" \\( -name \"*.h\" -or -name \"*.m\" -or -name \"*.swift\" \\) -not -path \"./Pods/*\" -print0 | \nxargs -0 egrep --with-filename --line-number --only-matching \"($KEYWORDS).*\\$\" | \nperl -p -e \"s/($KEYWORDS)/ warning: \\$1/\"\n";
		};
		249B8F8022A29B2E002A9EC5 /* Run Script */ = {
			isa = PBXShellScriptBuildPhase;
			alwaysOutOfDate = 1;
			buildActionMask = 12;
			files = (
			);
			inputFileListPaths = (
			);
			inputPaths = (
			);
			name = "Run Script";
			outputFileListPaths = (
			);
			outputPaths = (
			);
			runOnlyForDeploymentPostprocessing = 0;
			shellPath = /bin/sh;
			shellScript = "if [ $ENABLE_PREVIEWS == \"NO\" ]\nthen\n  export PATH=\"$PATH:/opt/homebrew/bin\"\n  if which swiftlint > /dev/null; then\n    swiftlint\n  else\n    echo \"warning: SwiftLint not installed, download from https://github.com/realm/SwiftLint\"\n  fi\nelse\n  echo \"Skipping the script because of preview mode\"\nfi\n";
		};
/* End PBXShellScriptBuildPhase section */

/* Begin PBXSourcesBuildPhase section */
		2419D01C24898DF700740184 /* Sources */ = {
			isa = PBXSourcesBuildPhase;
			buildActionMask = 2147483647;
			files = (
				2419D038248AB03700740184 /* OpenInViewController.swift in Sources */,
				2419D02524898DF700740184 /* ActionViewController.swift in Sources */,
			);
			runOnlyForDeploymentPostprocessing = 0;
		};
		245345E822466EA8001AF1CE /* Sources */ = {
			isa = PBXSourcesBuildPhase;
			buildActionMask = 2147483647;
			files = (
				245345EF22466EA8001AF1CE /* HackersUITests.swift in Sources */,
				245345FB22466F75001AF1CE /* SnapshotHelper.swift in Sources */,
			);
			runOnlyForDeploymentPostprocessing = 0;
		};
		24C03D592E003EB8002B6ED5 /* Sources */ = {
			isa = PBXSourcesBuildPhase;
			buildActionMask = 2147483647;
			files = (
			);
			runOnlyForDeploymentPostprocessing = 0;
		};
		24F39F8118AFB1150055F8DC /* Sources */ = {
			isa = PBXSourcesBuildPhase;
			buildActionMask = 2147483647;
			files = (
				2481BD5B247C0FFB0088CA2B /* Models.swift in Sources */,
				2406B37B28ACF8C700CB396B /* UINotifications.swift in Sources */,
				24CE5FED19434BDC009D2677 /* AppDelegate.swift in Sources */,
				24E390AA2542D7A9000DA7A8 /* UIViewControllerExtensions.swift in Sources */,
				24889DFD2E3CE95D0021EC06 /* UIViewExtensions.swift in Sources */,
				2486D7D527FAEBFC007504C6 /* LoginView.swift in Sources */,
				24B982DD22BE65E2000D8913 /* SettingsView.swift in Sources */,
				24D6B8CA1C1EDBFC00618422 /* AppTheme.swift in Sources */,
				245DCAB01CD4DA2A00152AA3 /* SFSafariViewControllerExtensions.swift in Sources */,
				24D1845F24B374780017E4F4 /* FeedViewModel.swift in Sources */,
				2481BD5F247C103B0088CA2B /* HackersKit+Post.swift in Sources */,
				24CEAA9D1F8917D60050DEDF /* ReviewController.swift in Sources */,
				24889E4F2E3CFAC40021EC06 /* NetworkManager.swift in Sources */,
				24B1A6A522B508A40051EAFD /* OnboardingService.swift in Sources */,
				249B8F8322A2A48B002A9EC5 /* NotificationToken.swift in Sources */,
				2481BD61247C11AE0088CA2B /* HackersKit+CommentVoting.swift in Sources */,
				24D330CA248BAC4C00A2AA10 /* HackersKit+Authentication.swift in Sources */,
				2464D21F209E27FE00C7F8FC /* UserDefaultsExtensions.swift in Sources */,
				24889DF32E3CE7DE0021EC06 /* CommentsController.swift in Sources */,
				2486D7D927FB0DC9007504C6 /* SwinjectSwiftUI.swift in Sources */,
				24B982DF22BE65FF000D8913 /* SettingsStore.swift in Sources */,
				243C182B2780A8370018359D /* CollectionExtensions.swift in Sources */,
				24628BAD21E6897700BDEEF9 /* AppFont.swift in Sources */,
				2457F04524696EB000F3E7A4 /* HackersKit.swift in Sources */,
				24FFFF5A23362C7800D009EF /* HackersKitExtensions.swift in Sources */,
				2477BDE5227D9D8200771FE2 /* SessionService.swift in Sources */,
				249B8F8522A2A519002A9EC5 /* NotificationCenterExtensions.swift in Sources */,
				EAD58D35A67AE9162C2D73A5 /* DraggableCommentsButton.swift in Sources */,
				2481BD5D247C10330088CA2B /* HackersKit+PostsList.swift in Sources */,
				24C10C082486DB0700B93F68 /* HtmlParser.swift in Sources */,
				243271951F95EDA9008196DB /* StringExtensions.swift in Sources */,
				5F0FA228A57AF829713FA0A3 /* ContentView.swift in Sources */,
				5521C77D0F3BC76CD766FA05 /* FeedView.swift in Sources */,
				643029C8B133DB1D14A12B69 /* CommentsView.swift in Sources */,
				E37839F7DC2412121CA56D36 /* EmptyStateView.swift in Sources */,
				20B79255672720AA91988C90 /* NavigationStore.swift in Sources */,
				F9ACBDCE9E043BE81ABF46D7 /* HackersApp.swift in Sources */,
				2481D3912E3BB33D0001A972 /* MailView.swift in Sources */,
				76BB2EB6145EC6ADC14245CF /* SceneDelegate.swift in Sources */,
				24889E072E3CED9B0021EC06 /* AuthenticationDialog.swift in Sources */,
			);
			runOnlyForDeploymentPostprocessing = 0;
		};
/* End PBXSourcesBuildPhase section */

/* Begin PBXTargetDependency section */
		245345F222466EA8001AF1CE /* PBXTargetDependency */ = {
			isa = PBXTargetDependency;
			target = 24F39F8418AFB1150055F8DC /* Hackers */;
			targetProxy = 245345F122466EA8001AF1CE /* PBXContainerItemProxy */;
		};
		24C03D622E003EB8002B6ED5 /* PBXTargetDependency */ = {
			isa = PBXTargetDependency;
			target = 24F39F8418AFB1150055F8DC /* Hackers */;
			targetProxy = 24C03D612E003EB8002B6ED5 /* PBXContainerItemProxy */;
		};
		24D1E48B2D981085005F1038 /* PBXTargetDependency */ = {
			isa = PBXTargetDependency;
			target = 2419D01F24898DF700740184 /* HackersActionExtension */;
			targetProxy = 24D1E48A2D981085005F1038 /* PBXContainerItemProxy */;
		};
/* End PBXTargetDependency section */

/* Begin PBXVariantGroup section */
		2419D02624898DF700740184 /* MainInterface.storyboard */ = {
			isa = PBXVariantGroup;
			children = (
				2419D02724898DF700740184 /* Base */,
			);
			name = MainInterface.storyboard;
			sourceTree = "<group>";
		};
/* End PBXVariantGroup section */

/* Begin XCBuildConfiguration section */
		2419D02D24898DF700740184 /* Debug */ = {
			isa = XCBuildConfiguration;
			buildSettings = {
				ASSETCATALOG_COMPILER_APPICON_NAME = TransparentAppIcon;
				CLANG_ANALYZER_NONNULL = YES;
				CLANG_ANALYZER_NUMBER_OBJECT_CONVERSION = YES_AGGRESSIVE;
				CLANG_CXX_LANGUAGE_STANDARD = "gnu++14";
				CLANG_ENABLE_OBJC_WEAK = YES;
				CLANG_WARN_DOCUMENTATION_COMMENTS = YES;
				CLANG_WARN_UNGUARDED_AVAILABILITY = YES_AGGRESSIVE;
				CODE_SIGN_IDENTITY = "Apple Development";
				CODE_SIGN_STYLE = Automatic;
				CURRENT_PROJECT_VERSION = 130;
				DEBUG_INFORMATION_FORMAT = dwarf;
				DEVELOPMENT_TEAM = 2KB59GPA9B;
				GCC_C_LANGUAGE_STANDARD = gnu11;
				GCC_WARN_UNINITIALIZED_AUTOS = YES_AGGRESSIVE;
				INFOPLIST_FILE = Extensions/HackersActionExtension/Info.plist;
				IPHONEOS_DEPLOYMENT_TARGET = 26.0;
				LD_RUNPATH_SEARCH_PATHS = (
					"$(inherited)",
					"@executable_path/Frameworks",
					"@executable_path/../../Frameworks",
				);
				MARKETING_VERSION = 4.9.3;
				MTL_ENABLE_DEBUG_INFO = INCLUDE_SOURCE;
				MTL_FAST_MATH = YES;
				PRODUCT_BUNDLE_IDENTIFIER = com.weiranzhang.Hackers.ActionExtension;
				PRODUCT_NAME = "$(TARGET_NAME)";
				PROVISIONING_PROFILE_SPECIFIER = "";
				SKIP_INSTALL = YES;
				SWIFT_ACTIVE_COMPILATION_CONDITIONS = DEBUG;
				SWIFT_OPTIMIZATION_LEVEL = "-Onone";
				SWIFT_VERSION = 5.0;
				TARGETED_DEVICE_FAMILY = "1,2";
			};
			name = Debug;
		};
		2419D02E24898DF700740184 /* Release */ = {
			isa = XCBuildConfiguration;
			buildSettings = {
				ASSETCATALOG_COMPILER_APPICON_NAME = TransparentAppIcon;
				CLANG_ANALYZER_NONNULL = YES;
				CLANG_ANALYZER_NUMBER_OBJECT_CONVERSION = YES_AGGRESSIVE;
				CLANG_CXX_LANGUAGE_STANDARD = "gnu++14";
				CLANG_ENABLE_OBJC_WEAK = YES;
				CLANG_WARN_DOCUMENTATION_COMMENTS = YES;
				CLANG_WARN_UNGUARDED_AVAILABILITY = YES_AGGRESSIVE;
				CODE_SIGN_IDENTITY = "Apple Development";
				CODE_SIGN_STYLE = Automatic;
				COPY_PHASE_STRIP = NO;
				CURRENT_PROJECT_VERSION = 130;
				DEBUG_INFORMATION_FORMAT = "dwarf-with-dsym";
				DEVELOPMENT_TEAM = 2KB59GPA9B;
				GCC_C_LANGUAGE_STANDARD = gnu11;
				GCC_WARN_UNINITIALIZED_AUTOS = YES_AGGRESSIVE;
				INFOPLIST_FILE = Extensions/HackersActionExtension/Info.plist;
				IPHONEOS_DEPLOYMENT_TARGET = 26.0;
				LD_RUNPATH_SEARCH_PATHS = (
					"$(inherited)",
					"@executable_path/Frameworks",
					"@executable_path/../../Frameworks",
				);
				MARKETING_VERSION = 4.9.3;
				MTL_ENABLE_DEBUG_INFO = NO;
				MTL_FAST_MATH = YES;
				PRODUCT_BUNDLE_IDENTIFIER = com.weiranzhang.Hackers.ActionExtension;
				PRODUCT_NAME = "$(TARGET_NAME)";
				PROVISIONING_PROFILE_SPECIFIER = "";
				SKIP_INSTALL = YES;
				SWIFT_VERSION = 5.0;
				TARGETED_DEVICE_FAMILY = "1,2";
			};
			name = Release;
		};
		245345F322466EA8001AF1CE /* Debug */ = {
			isa = XCBuildConfiguration;
			buildSettings = {
				CLANG_ANALYZER_NONNULL = YES;
				CLANG_ANALYZER_NUMBER_OBJECT_CONVERSION = YES_AGGRESSIVE;
				CLANG_CXX_LANGUAGE_STANDARD = "gnu++14";
				CLANG_ENABLE_OBJC_WEAK = YES;
				CLANG_WARN_DOCUMENTATION_COMMENTS = YES;
				CLANG_WARN_UNGUARDED_AVAILABILITY = YES_AGGRESSIVE;
				CODE_SIGN_IDENTITY = "Apple Development";
				"CODE_SIGN_IDENTITY[sdk=iphoneos*]" = "iPhone Developer";
				"CODE_SIGN_IDENTITY[sdk=macosx*]" = "-";
				CODE_SIGN_STYLE = Manual;
				DEBUG_INFORMATION_FORMAT = dwarf;
				DEVELOPMENT_TEAM = "";
				"DEVELOPMENT_TEAM[sdk=iphoneos*]" = 2KB59GPA9B;
				"DEVELOPMENT_TEAM[sdk=macosx*]" = "";
				GCC_C_LANGUAGE_STANDARD = gnu11;
				GCC_WARN_UNINITIALIZED_AUTOS = YES_AGGRESSIVE;
				INFOPLIST_FILE = Tests/HackersUITests/Info.plist;
				IPHONEOS_DEPLOYMENT_TARGET = 26.0;
				LD_RUNPATH_SEARCH_PATHS = (
					"$(inherited)",
					"@executable_path/Frameworks",
					"@loader_path/Frameworks",
				);
				MTL_ENABLE_DEBUG_INFO = INCLUDE_SOURCE;
				MTL_FAST_MATH = YES;
				PRODUCT_BUNDLE_IDENTIFIER = com.weiranzhang.Hackers.UITests;
				PRODUCT_NAME = "$(TARGET_NAME)";
				PROVISIONING_PROFILE_SPECIFIER = "";
				"PROVISIONING_PROFILE_SPECIFIER[sdk=iphoneos*]" = "Hackers Extensions Dev";
				SWIFT_ACTIVE_COMPILATION_CONDITIONS = DEBUG;
				SWIFT_OPTIMIZATION_LEVEL = "-Onone";
				SWIFT_VERSION = 5.0;
				TARGETED_DEVICE_FAMILY = "1,2";
				TEST_TARGET_NAME = Hackers;
			};
			name = Debug;
		};
		245345F422466EA8001AF1CE /* Release */ = {
			isa = XCBuildConfiguration;
			buildSettings = {
				CLANG_ANALYZER_NONNULL = YES;
				CLANG_ANALYZER_NUMBER_OBJECT_CONVERSION = YES_AGGRESSIVE;
				CLANG_CXX_LANGUAGE_STANDARD = "gnu++14";
				CLANG_ENABLE_OBJC_WEAK = YES;
				CLANG_WARN_DOCUMENTATION_COMMENTS = YES;
				CLANG_WARN_UNGUARDED_AVAILABILITY = YES_AGGRESSIVE;
				CODE_SIGN_IDENTITY = "Apple Development";
				"CODE_SIGN_IDENTITY[sdk=iphoneos*]" = "iPhone Developer";
				"CODE_SIGN_IDENTITY[sdk=macosx*]" = "-";
				CODE_SIGN_STYLE = Manual;
				COPY_PHASE_STRIP = NO;
				DEBUG_INFORMATION_FORMAT = "dwarf-with-dsym";
				DEVELOPMENT_TEAM = "";
				"DEVELOPMENT_TEAM[sdk=iphoneos*]" = 2KB59GPA9B;
				"DEVELOPMENT_TEAM[sdk=macosx*]" = "";
				GCC_C_LANGUAGE_STANDARD = gnu11;
				GCC_WARN_UNINITIALIZED_AUTOS = YES_AGGRESSIVE;
				INFOPLIST_FILE = Tests/HackersUITests/Info.plist;
				IPHONEOS_DEPLOYMENT_TARGET = 26.0;
				LD_RUNPATH_SEARCH_PATHS = (
					"$(inherited)",
					"@executable_path/Frameworks",
					"@loader_path/Frameworks",
				);
				MTL_ENABLE_DEBUG_INFO = NO;
				MTL_FAST_MATH = YES;
				PRODUCT_BUNDLE_IDENTIFIER = com.weiranzhang.Hackers.UITests;
				PRODUCT_NAME = "$(TARGET_NAME)";
				PROVISIONING_PROFILE_SPECIFIER = "";
				"PROVISIONING_PROFILE_SPECIFIER[sdk=iphoneos*]" = "Hackers Extensions Dev";
				SWIFT_VERSION = 5.0;
				TARGETED_DEVICE_FAMILY = "1,2";
				TEST_TARGET_NAME = Hackers;
			};
			name = Release;
		};
		24C03D632E003EB8002B6ED5 /* Debug */ = {
			isa = XCBuildConfiguration;
			buildSettings = {
				BUNDLE_LOADER = "$(TEST_HOST)";
				CLANG_ANALYZER_NONNULL = YES;
				CLANG_ANALYZER_NUMBER_OBJECT_CONVERSION = YES_AGGRESSIVE;
				CLANG_CXX_LANGUAGE_STANDARD = "gnu++20";
				CLANG_ENABLE_OBJC_WEAK = YES;
				CLANG_WARN_DOCUMENTATION_COMMENTS = YES;
				CLANG_WARN_UNGUARDED_AVAILABILITY = YES_AGGRESSIVE;
				CODE_SIGN_STYLE = Automatic;
				CURRENT_PROJECT_VERSION = 1;
				DEBUG_INFORMATION_FORMAT = dwarf;
				DEVELOPMENT_TEAM = 2KB59GPA9B;
				ENABLE_USER_SCRIPT_SANDBOXING = YES;
				GCC_C_LANGUAGE_STANDARD = gnu17;
				GCC_WARN_UNINITIALIZED_AUTOS = YES_AGGRESSIVE;
				GENERATE_INFOPLIST_FILE = YES;
				IPHONEOS_DEPLOYMENT_TARGET = 26.0;
				LOCALIZATION_PREFERS_STRING_CATALOGS = YES;
				MARKETING_VERSION = 1.0;
				MTL_ENABLE_DEBUG_INFO = INCLUDE_SOURCE;
				MTL_FAST_MATH = YES;
				PRODUCT_BUNDLE_IDENTIFIER = co.weiran.HackersTests;
				PRODUCT_NAME = "$(TARGET_NAME)";
				STRING_CATALOG_GENERATE_SYMBOLS = NO;
				SWIFT_ACTIVE_COMPILATION_CONDITIONS = "DEBUG $(inherited)";
				SWIFT_EMIT_LOC_STRINGS = NO;
				SWIFT_OPTIMIZATION_LEVEL = "-Onone";
				SWIFT_UPCOMING_FEATURE_MEMBER_IMPORT_VISIBILITY = YES;
				SWIFT_VERSION = 5.0;
				TARGETED_DEVICE_FAMILY = "1,2";
				TEST_HOST = "$(BUILT_PRODUCTS_DIR)/Hackers.app/$(BUNDLE_EXECUTABLE_FOLDER_PATH)/Hackers";
			};
			name = Debug;
		};
		24C03D642E003EB8002B6ED5 /* Release */ = {
			isa = XCBuildConfiguration;
			buildSettings = {
				BUNDLE_LOADER = "$(TEST_HOST)";
				CLANG_ANALYZER_NONNULL = YES;
				CLANG_ANALYZER_NUMBER_OBJECT_CONVERSION = YES_AGGRESSIVE;
				CLANG_CXX_LANGUAGE_STANDARD = "gnu++20";
				CLANG_ENABLE_OBJC_WEAK = YES;
				CLANG_WARN_DOCUMENTATION_COMMENTS = YES;
				CLANG_WARN_UNGUARDED_AVAILABILITY = YES_AGGRESSIVE;
				CODE_SIGN_STYLE = Automatic;
				COPY_PHASE_STRIP = NO;
				CURRENT_PROJECT_VERSION = 1;
				DEBUG_INFORMATION_FORMAT = "dwarf-with-dsym";
				DEVELOPMENT_TEAM = 2KB59GPA9B;
				ENABLE_USER_SCRIPT_SANDBOXING = YES;
				GCC_C_LANGUAGE_STANDARD = gnu17;
				GCC_WARN_UNINITIALIZED_AUTOS = YES_AGGRESSIVE;
				GENERATE_INFOPLIST_FILE = YES;
				IPHONEOS_DEPLOYMENT_TARGET = 26.0;
				LOCALIZATION_PREFERS_STRING_CATALOGS = YES;
				MARKETING_VERSION = 1.0;
				MTL_ENABLE_DEBUG_INFO = NO;
				MTL_FAST_MATH = YES;
				PRODUCT_BUNDLE_IDENTIFIER = co.weiran.HackersTests;
				PRODUCT_NAME = "$(TARGET_NAME)";
				STRING_CATALOG_GENERATE_SYMBOLS = NO;
				SWIFT_EMIT_LOC_STRINGS = NO;
				SWIFT_UPCOMING_FEATURE_MEMBER_IMPORT_VISIBILITY = YES;
				SWIFT_VERSION = 5.0;
				TARGETED_DEVICE_FAMILY = "1,2";
				TEST_HOST = "$(BUILT_PRODUCTS_DIR)/Hackers.app/$(BUNDLE_EXECUTABLE_FOLDER_PATH)/Hackers";
			};
			name = Release;
		};
		24F39FAF18AFB1150055F8DC /* Debug */ = {
			isa = XCBuildConfiguration;
			buildSettings = {
				ALWAYS_SEARCH_USER_PATHS = NO;
				ASSETCATALOG_COMPILER_GENERATE_SWIFT_ASSET_SYMBOL_EXTENSIONS = YES;
				CLANG_ANALYZER_LOCALIZABILITY_NONLOCALIZED = YES;
				CLANG_CXX_LANGUAGE_STANDARD = "gnu++0x";
				CLANG_CXX_LIBRARY = "libc++";
				CLANG_ENABLE_MODULES = YES;
				CLANG_ENABLE_OBJC_ARC = YES;
				CLANG_WARN_BLOCK_CAPTURE_AUTORELEASING = YES;
				CLANG_WARN_BOOL_CONVERSION = YES;
				CLANG_WARN_COMMA = YES;
				CLANG_WARN_CONSTANT_CONVERSION = YES;
				CLANG_WARN_DEPRECATED_OBJC_IMPLEMENTATIONS = YES;
				CLANG_WARN_DIRECT_OBJC_ISA_USAGE = YES_ERROR;
				CLANG_WARN_EMPTY_BODY = YES;
				CLANG_WARN_ENUM_CONVERSION = YES;
				CLANG_WARN_INFINITE_RECURSION = YES;
				CLANG_WARN_INT_CONVERSION = YES;
				CLANG_WARN_NON_LITERAL_NULL_CONVERSION = YES;
				CLANG_WARN_OBJC_IMPLICIT_RETAIN_SELF = YES;
				CLANG_WARN_OBJC_LITERAL_CONVERSION = YES;
				CLANG_WARN_OBJC_ROOT_CLASS = YES_ERROR;
				CLANG_WARN_QUOTED_INCLUDE_IN_FRAMEWORK_HEADER = YES;
				CLANG_WARN_RANGE_LOOP_ANALYSIS = YES;
				CLANG_WARN_STRICT_PROTOTYPES = YES;
				CLANG_WARN_SUSPICIOUS_MOVE = YES;
				CLANG_WARN_UNREACHABLE_CODE = YES;
				CLANG_WARN__DUPLICATE_METHOD_MATCH = YES;
				"CODE_SIGN_IDENTITY[sdk=iphoneos*]" = "iPhone Developer";
				COPY_PHASE_STRIP = NO;
				ENABLE_STRICT_OBJC_MSGSEND = YES;
				ENABLE_TESTABILITY = YES;
				GCC_C_LANGUAGE_STANDARD = gnu99;
				GCC_DYNAMIC_NO_PIC = NO;
				GCC_NO_COMMON_BLOCKS = YES;
				GCC_OPTIMIZATION_LEVEL = 0;
				GCC_PREPROCESSOR_DEFINITIONS = (
					"DEBUG=1",
					"$(inherited)",
				);
				GCC_SYMBOLS_PRIVATE_EXTERN = NO;
				GCC_WARN_64_TO_32_BIT_CONVERSION = YES;
				GCC_WARN_ABOUT_RETURN_TYPE = YES_ERROR;
				GCC_WARN_UNDECLARED_SELECTOR = YES;
				GCC_WARN_UNINITIALIZED_AUTOS = YES;
				GCC_WARN_UNUSED_FUNCTION = YES;
				GCC_WARN_UNUSED_VARIABLE = YES;
				ONLY_ACTIVE_ARCH = YES;
				SDKROOT = iphoneos;
				STRING_CATALOG_GENERATE_SYMBOLS = YES;
			};
			name = Debug;
		};
		24F39FB018AFB1150055F8DC /* Release */ = {
			isa = XCBuildConfiguration;
			buildSettings = {
				ALWAYS_SEARCH_USER_PATHS = NO;
				ASSETCATALOG_COMPILER_GENERATE_SWIFT_ASSET_SYMBOL_EXTENSIONS = YES;
				CLANG_ANALYZER_LOCALIZABILITY_NONLOCALIZED = YES;
				CLANG_CXX_LANGUAGE_STANDARD = "gnu++0x";
				CLANG_CXX_LIBRARY = "libc++";
				CLANG_ENABLE_MODULES = YES;
				CLANG_ENABLE_OBJC_ARC = YES;
				CLANG_WARN_BLOCK_CAPTURE_AUTORELEASING = YES;
				CLANG_WARN_BOOL_CONVERSION = YES;
				CLANG_WARN_COMMA = YES;
				CLANG_WARN_CONSTANT_CONVERSION = YES;
				CLANG_WARN_DEPRECATED_OBJC_IMPLEMENTATIONS = YES;
				CLANG_WARN_DIRECT_OBJC_ISA_USAGE = YES_ERROR;
				CLANG_WARN_EMPTY_BODY = YES;
				CLANG_WARN_ENUM_CONVERSION = YES;
				CLANG_WARN_INFINITE_RECURSION = YES;
				CLANG_WARN_INT_CONVERSION = YES;
				CLANG_WARN_NON_LITERAL_NULL_CONVERSION = YES;
				CLANG_WARN_OBJC_IMPLICIT_RETAIN_SELF = YES;
				CLANG_WARN_OBJC_LITERAL_CONVERSION = YES;
				CLANG_WARN_OBJC_ROOT_CLASS = YES_ERROR;
				CLANG_WARN_QUOTED_INCLUDE_IN_FRAMEWORK_HEADER = YES;
				CLANG_WARN_RANGE_LOOP_ANALYSIS = YES;
				CLANG_WARN_STRICT_PROTOTYPES = YES;
				CLANG_WARN_SUSPICIOUS_MOVE = YES;
				CLANG_WARN_UNREACHABLE_CODE = YES;
				CLANG_WARN__DUPLICATE_METHOD_MATCH = YES;
				"CODE_SIGN_IDENTITY[sdk=iphoneos*]" = "iPhone Developer";
				COPY_PHASE_STRIP = YES;
				ENABLE_NS_ASSERTIONS = NO;
				ENABLE_STRICT_OBJC_MSGSEND = YES;
				GCC_C_LANGUAGE_STANDARD = gnu99;
				GCC_NO_COMMON_BLOCKS = YES;
				GCC_WARN_64_TO_32_BIT_CONVERSION = YES;
				GCC_WARN_ABOUT_RETURN_TYPE = YES_ERROR;
				GCC_WARN_UNDECLARED_SELECTOR = YES;
				GCC_WARN_UNINITIALIZED_AUTOS = YES;
				GCC_WARN_UNUSED_FUNCTION = YES;
				GCC_WARN_UNUSED_VARIABLE = YES;
				SDKROOT = iphoneos;
				STRING_CATALOG_GENERATE_SYMBOLS = YES;
				SWIFT_COMPILATION_MODE = wholemodule;
				SWIFT_OPTIMIZATION_LEVEL = "-O";
				VALIDATE_PRODUCT = YES;
			};
			name = Release;
		};
		24F39FB218AFB1150055F8DC /* Debug */ = {
			isa = XCBuildConfiguration;
			buildSettings = {
				ASSETCATALOG_COMPILER_APPICON_NAME = AppIcon;
				CLANG_ENABLE_MODULES = YES;
				CODE_SIGN_ENTITLEMENTS = "App/Supporting Files/Hackers.entitlements";
				CODE_SIGN_IDENTITY = "Apple Development";
				CODE_SIGN_STYLE = Automatic;
				CURRENT_PROJECT_VERSION = 130;
				DEVELOPMENT_TEAM = 2KB59GPA9B;
				FRAMEWORK_SEARCH_PATHS = "$(inherited)";
				GCC_PRECOMPILE_PREFIX_HEADER = YES;
				GCC_PREFIX_HEADER = "App/Supporting Files/Hackers2-Prefix.pch";
				INFOPLIST_FILE = "App/Supporting Files/Hackers-Info.plist";
				INFOPLIST_KEY_LSApplicationCategoryType = "public.app-category.news";
				IPHONEOS_DEPLOYMENT_TARGET = 26.0;
				LD_RUNPATH_SEARCH_PATHS = (
					"$(inherited)",
					"@executable_path/Frameworks",
				);
				MARKETING_VERSION = 4.9.3;
				PRODUCT_BUNDLE_IDENTIFIER = com.weiranzhang.Hackers;
				PRODUCT_NAME = Hackers;
				PROVISIONING_PROFILE_SPECIFIER = "";
				SWIFT_ENFORCE_EXCLUSIVE_ACCESS = off;
				SWIFT_OPTIMIZATION_LEVEL = "-Onone";
				SWIFT_VERSION = 5.0;
				TARGETED_DEVICE_FAMILY = "1,2";
				WRAPPER_EXTENSION = app;
			};
			name = Debug;
		};
		24F39FB318AFB1150055F8DC /* Release */ = {
			isa = XCBuildConfiguration;
			buildSettings = {
				ASSETCATALOG_COMPILER_APPICON_NAME = AppIcon;
				CLANG_ENABLE_MODULES = YES;
				CODE_SIGN_ENTITLEMENTS = "App/Supporting Files/Hackers.entitlements";
				CODE_SIGN_IDENTITY = "Apple Development";
				CODE_SIGN_STYLE = Automatic;
				CURRENT_PROJECT_VERSION = 130;
				DEVELOPMENT_TEAM = 2KB59GPA9B;
				FRAMEWORK_SEARCH_PATHS = "$(inherited)";
				GCC_PRECOMPILE_PREFIX_HEADER = YES;
				GCC_PREFIX_HEADER = "App/Supporting Files/Hackers2-Prefix.pch";
				INFOPLIST_FILE = "App/Supporting Files/Hackers-Info.plist";
				INFOPLIST_KEY_LSApplicationCategoryType = "public.app-category.news";
				IPHONEOS_DEPLOYMENT_TARGET = 26.0;
				LD_RUNPATH_SEARCH_PATHS = (
					"$(inherited)",
					"@executable_path/Frameworks",
				);
				MARKETING_VERSION = 4.9.3;
				PRODUCT_BUNDLE_IDENTIFIER = com.weiranzhang.Hackers;
				PRODUCT_NAME = Hackers;
				PROVISIONING_PROFILE_SPECIFIER = "";
				SWIFT_ENFORCE_EXCLUSIVE_ACCESS = off;
				SWIFT_VERSION = 5.0;
				TARGETED_DEVICE_FAMILY = "1,2";
				WRAPPER_EXTENSION = app;
			};
			name = Release;
		};
/* End XCBuildConfiguration section */

/* Begin XCConfigurationList section */
		2419D02F24898DF700740184 /* Build configuration list for PBXNativeTarget "HackersActionExtension" */ = {
			isa = XCConfigurationList;
			buildConfigurations = (
				2419D02D24898DF700740184 /* Debug */,
				2419D02E24898DF700740184 /* Release */,
			);
			defaultConfigurationIsVisible = 0;
			defaultConfigurationName = Release;
		};
		245345F522466EA8001AF1CE /* Build configuration list for PBXNativeTarget "HackersUITests" */ = {
			isa = XCConfigurationList;
			buildConfigurations = (
				245345F322466EA8001AF1CE /* Debug */,
				245345F422466EA8001AF1CE /* Release */,
			);
			defaultConfigurationIsVisible = 0;
			defaultConfigurationName = Release;
		};
		24C03D652E003EB9002B6ED5 /* Build configuration list for PBXNativeTarget "HackersTests" */ = {
			isa = XCConfigurationList;
			buildConfigurations = (
				24C03D632E003EB8002B6ED5 /* Debug */,
				24C03D642E003EB8002B6ED5 /* Release */,
			);
			defaultConfigurationIsVisible = 0;
			defaultConfigurationName = Release;
		};
		24F39F8018AFB1150055F8DC /* Build configuration list for PBXProject "Hackers" */ = {
			isa = XCConfigurationList;
			buildConfigurations = (
				24F39FAF18AFB1150055F8DC /* Debug */,
				24F39FB018AFB1150055F8DC /* Release */,
			);
			defaultConfigurationIsVisible = 0;
			defaultConfigurationName = Release;
		};
		24F39FB118AFB1150055F8DC /* Build configuration list for PBXNativeTarget "Hackers" */ = {
			isa = XCConfigurationList;
			buildConfigurations = (
				24F39FB218AFB1150055F8DC /* Debug */,
				24F39FB318AFB1150055F8DC /* Release */,
			);
			defaultConfigurationIsVisible = 0;
			defaultConfigurationName = Release;
		};
/* End XCConfigurationList section */

/* Begin XCRemoteSwiftPackageReference section */
		2406B37728ACF72F00CB396B /* XCRemoteSwiftPackageReference "Drops" */ = {
			isa = XCRemoteSwiftPackageReference;
			repositoryURL = "https://github.com/omaralbeik/Drops";
			requirement = {
				kind = upToNextMajorVersion;
				minimumVersion = 1.0.0;
			};
		};
		2406B38528AD083500CB396B /* XCRemoteSwiftPackageReference "SwiftSoup" */ = {
			isa = XCRemoteSwiftPackageReference;
			repositoryURL = "https://github.com/scinfu/SwiftSoup.git";
			requirement = {
				kind = upToNextMajorVersion;
				minimumVersion = 2.0.0;
			};
		};
		2406B38828AD08CC00CB396B /* XCRemoteSwiftPackageReference "WhatsNewKit" */ = {
			isa = XCRemoteSwiftPackageReference;
			repositoryURL = "https://github.com/SvenTiigi/WhatsNewKit";
			requirement = {
				kind = upToNextMajorVersion;
				minimumVersion = 1.0.0;
			};
		};
		24A0C9B028AE3523009A1ED4 /* XCRemoteSwiftPackageReference "Swinject" */ = {
			isa = XCRemoteSwiftPackageReference;
			repositoryURL = "https://github.com/Swinject/Swinject.git";
			requirement = {
				kind = upToNextMajorVersion;
				minimumVersion = 2.0.0;
			};
		};
/* End XCRemoteSwiftPackageReference section */

/* Begin XCSwiftPackageProductDependency section */
		2406B37828ACF72F00CB396B /* Drops */ = {
			isa = XCSwiftPackageProductDependency;
			package = 2406B37728ACF72F00CB396B /* XCRemoteSwiftPackageReference "Drops" */;
			productName = Drops;
		};
		2406B38628AD083500CB396B /* SwiftSoup */ = {
			isa = XCSwiftPackageProductDependency;
			package = 2406B38528AD083500CB396B /* XCRemoteSwiftPackageReference "SwiftSoup" */;
			productName = SwiftSoup;
		};
		2406B38928AD08CC00CB396B /* WhatsNewKit */ = {
			isa = XCSwiftPackageProductDependency;
			package = 2406B38828AD08CC00CB396B /* XCRemoteSwiftPackageReference "WhatsNewKit" */;
			productName = WhatsNewKit;
		};
		24A0C9B128AE3523009A1ED4 /* Swinject */ = {
			isa = XCSwiftPackageProductDependency;
			package = 24A0C9B028AE3523009A1ED4 /* XCRemoteSwiftPackageReference "Swinject" */;
			productName = Swinject;
		};
/* End XCSwiftPackageProductDependency section */
	};
	rootObject = 24F39F7D18AFB1150055F8DC /* Project object */;
}
