{
  "originHash" : "98f4ae6451d863c10e91ef8c5ed868340f75ff7e8a195de3c7aa8835a0b56659",
  "pins" : [
    {
      "identity" : "progressiveblurheader",
      "kind" : "remoteSourceControl",
      "location" : "https://github.com/dominikmartn/ProgressiveBlurHeader",
      "state" : {
        "branch" : "main",
        "revision" : "0e8c29bc90d52e592fd63e034ca15b59095855f3"
      }
    },
    {
      "identity" : "swiftsoup",
      "kind" : "remoteSourceControl",
      "location" : "https://github.com/scinfu/SwiftSoup.git",
      "state" : {
        "revision" : "6c7915e16f729857aec3e99068c361e58a00ed68",
        "version" : "2.13.4"
      }
    },
    {
      "identity" : "variableblur",
      "kind" : "remoteSourceControl",
      "location" : "https://github.com/nikstar/VariableBlur",
      "state" : {
        "branch" : "main",
        "revision" : "5073a0d9080e488a2d317e04859c001a57fbb3e8"
      }
    }
  ],
  "version" : 3
}
