{
  "originHash" : "944ecf5d94500e9cadaca6ec72c8aa21820f6f136372c503cd78c667c3a9c5be",
  "pins" : [
    {
      "identity" : "swiftsoup",
      "kind" : "remoteSourceControl",
      "location" : "https://github.com/scinfu/SwiftSoup.git",
      "state" : {
        "revision" : "a81b1a5ac933dee8c6cfccf05d5ffcc5eb8c7ec4",
        "version" : "2.10.0"
      }
    }
  ],
  "version" : 3
}
