{
  "originHash" : "3d82c4b02184d321ef66c9140c182f7a750b0f21be4eed36776f3e5ff0342f54",
  "pins" : [
    {
      "identity" : "swiftsoup",
      "kind" : "remoteSourceControl",
      "location" : "https://github.com/scinfu/SwiftSoup.git",
      "state" : {
        "revision" : "6c7915e16f729857aec3e99068c361e58a00ed68",
        "version" : "2.13.4"
      }
    }
  ],
  "version" : 3
}
