{
  "originHash" : "87474008d9ede1f56fc5a1a1a0437cd275eb2d90673537c3800030b7ac0fbf36",
  "pins" : [
    {
      "identity" : "swiftsoup",
      "kind" : "remoteSourceControl",
      "location" : "https://github.com/scinfu/SwiftSoup.git",
      "state" : {
        "revision" : "ead56133a693d0184d8c2db1a6d6394410cacfd6",
        "version" : "2.13.6"
      }
    }
  ],
  "version" : 3
}
